// !$*UTF8*$!
{
	archiveVersion = 1;
	classes = {
	};
	objectVersion = 46;
	objects = {

/* Begin PBXBuildFile section */
		4A0172B718994A9D00AA4B13 /* CustomTabViewController.m in Sources */ = {isa = PBXBuildFile; fileRef = 4A0172B618994A9D00AA4B13 /* CustomTabViewController.m */; };
		4A1B3F7D1897B45C00E36064 /* Foundation.framework in Frameworks */ = {isa = PBXBuildFile; fileRef = 4A1B3F7C1897B45C00E36064 /* Foundation.framework */; };
		4A1B3F7F1897B45C00E36064 /* CoreGraphics.framework in Frameworks */ = {isa = PBXBuildFile; fileRef = 4A1B3F7E1897B45C00E36064 /* CoreGraphics.framework */; };
		4A1B3F811897B45C00E36064 /* UIKit.framework in Frameworks */ = {isa = PBXBuildFile; fileRef = 4A1B3F801897B45C00E36064 /* UIKit.framework */; };
		4A1B3F871897B45C00E36064 /* InfoPlist.strings in Resources */ = {isa = PBXBuildFile; fileRef = 4A1B3F851897B45C00E36064 /* InfoPlist.strings */; };
		4A1B3F891897B45C00E36064 /* main.m in Sources */ = {isa = PBXBuildFile; fileRef = 4A1B3F881897B45C00E36064 /* main.m */; };
		4A1B3F8D1897B45C00E36064 /* AppDelegate.m in Sources */ = {isa = PBXBuildFile; fileRef = 4A1B3F8C1897B45C00E36064 /* AppDelegate.m */; };
		4A1B3F8F1897B45C00E36064 /* Images.xcassets in Resources */ = {isa = PBXBuildFile; fileRef = 4A1B3F8E1897B45C00E36064 /* Images.xcassets */; };
		4A1B3F961897B45C00E36064 /* XCTest.framework in Frameworks */ = {isa = PBXBuildFile; fileRef = 4A1B3F951897B45C00E36064 /* XCTest.framework */; };
		4A1B3F971897B45C00E36064 /* Foundation.framework in Frameworks */ = {isa = PBXBuildFile; fileRef = 4A1B3F7C1897B45C00E36064 /* Foundation.framework */; };
		4A1B3F981897B45C00E36064 /* UIKit.framework in Frameworks */ = {isa = PBXBuildFile; fileRef = 4A1B3F801897B45C00E36064 /* UIKit.framework */; };
		4A1B3FA01897B45C00E36064 /* InfoPlist.strings in Resources */ = {isa = PBXBuildFile; fileRef = 4A1B3F9E1897B45C00E36064 /* InfoPlist.strings */; };
		4A1B3FA21897B45C00E36064 /* iHanziTests.m in Sources */ = {isa = PBXBuildFile; fileRef = 4A1B3FA11897B45C00E36064 /* iHanziTests.m */; };
		4A1B3FB11897C95D00E36064 /* HomeTabBarController.m in Sources */ = {isa = PBXBuildFile; fileRef = 4A1B3FAF1897C95D00E36064 /* HomeTabBarController.m */; };
		4A1B3FB21897C95D00E36064 /* HomeTabBarController.xib in Resources */ = {isa = PBXBuildFile; fileRef = 4A1B3FB01897C95D00E36064 /* HomeTabBarController.xib */; };
		4A1B3FB61897D92700E36064 /* UserViewController.m in Sources */ = {isa = PBXBuildFile; fileRef = 4A1B3FB41897D92700E36064 /* UserViewController.m */; };
		4A1B3FB71897D92700E36064 /* UserViewController.xib in Resources */ = {isa = PBXBuildFile; fileRef = 4A1B3FB51897D92700E36064 /* UserViewController.xib */; };
		4A1B3FBA1897DAAB00E36064 /* GameSelectViewController.m in Sources */ = {isa = PBXBuildFile; fileRef = 4A1B3FB91897DAAB00E36064 /* GameSelectViewController.m */; };
		4A2AD829189E7C16004A3A56 /* SocialShareView.m in Sources */ = {isa = PBXBuildFile; fileRef = 4A2AD828189E7C16004A3A56 /* SocialShareView.m */; };
		4A2AD82B189E7C95004A3A56 /* SocialShareView.xib in Resources */ = {isa = PBXBuildFile; fileRef = 4A2AD82A189E7C95004A3A56 /* SocialShareView.xib */; };
		4A2AD82E189E83A0004A3A56 /* ShareTextView.m in Sources */ = {isa = PBXBuildFile; fileRef = 4A2AD82D189E83A0004A3A56 /* ShareTextView.m */; };
		4A2C9CD1189BD72C00CD188D /* TiKu.plist in Resources */ = {isa = PBXBuildFile; fileRef = 4A2C9CD0189BD72C00CD188D /* TiKu.plist */; };
		4A6AE497189D19F400E96E80 /* SettingViewController.m in Sources */ = {isa = PBXBuildFile; fileRef = 4A6AE496189D19F400E96E80 /* SettingViewController.m */; };
		4A6AE49A189D200400E96E80 /* NewsViewController.m in Sources */ = {isa = PBXBuildFile; fileRef = 4A6AE499189D200400E96E80 /* NewsViewController.m */; };
		4AFE5EC8189A18140059AD68 /* CustomGameSelectCell.m in Sources */ = {isa = PBXBuildFile; fileRef = 4AFE5EC7189A18140059AD68 /* CustomGameSelectCell.m */; };
		4AFE5ECC189A1A3F0059AD68 /* CustomGameSelectCell.xib in Resources */ = {isa = PBXBuildFile; fileRef = 4AFE5ECB189A1A3F0059AD68 /* CustomGameSelectCell.xib */; };
		4AFE5ED3189A4CE10059AD68 /* GamePlayingViewController.m in Sources */ = {isa = PBXBuildFile; fileRef = 4AFE5ED1189A4CE10059AD68 /* GamePlayingViewController.m */; };
		4AFE5ED4189A4CE10059AD68 /* GamePlayingViewController.xib in Resources */ = {isa = PBXBuildFile; fileRef = 4AFE5ED2189A4CE10059AD68 /* GamePlayingViewController.xib */; };
		4AFE5ED7189A56BC0059AD68 /* star.jpeg in Resources */ = {isa = PBXBuildFile; fileRef = 4AFE5ED6189A56BC0059AD68 /* star.jpeg */; };
		4AFE5EDA189A58E80059AD68 /* CustomAlertView.m in Sources */ = {isa = PBXBuildFile; fileRef = 4AFE5ED9189A58E80059AD68 /* CustomAlertView.m */; };
		4AFE5EDD189A82F40059AD68 /* DataManager.m in Sources */ = {isa = PBXBuildFile; fileRef = 4AFE5EDC189A82F40059AD68 /* DataManager.m */; };
		4AFE5EE7189B81400059AD68 /* button_box.png in Resources */ = {isa = PBXBuildFile; fileRef = 4AFE5EE1189B81400059AD68 /* button_box.png */; };
		4AFE5EE8189B81400059AD68 /* button_check.png in Resources */ = {isa = PBXBuildFile; fileRef = 4AFE5EE2189B81400059AD68 /* button_check.png */; };
		4AFE5EE9189B81400059AD68 /* letter_a.png in Resources */ = {isa = PBXBuildFile; fileRef = 4AFE5EE3189B81400059AD68 /* letter_a.png */; };
		4AFE5EEA189B81400059AD68 /* letter_b.png in Resources */ = {isa = PBXBuildFile; fileRef = 4AFE5EE4189B81400059AD68 /* letter_b.png */; };
		4AFE5EEB189B81400059AD68 /* letter_c.png in Resources */ = {isa = PBXBuildFile; fileRef = 4AFE5EE5189B81400059AD68 /* letter_c.png */; };
		4AFE5EEC189B81400059AD68 /* letter_d.png in Resources */ = {isa = PBXBuildFile; fileRef = 4AFE5EE6189B81400059AD68 /* letter_d.png */; };
		4AFE5EEE189B82760059AD68 /* QuestionChoiceCell.xib in Resources */ = {isa = PBXBuildFile; fileRef = 4AFE5EED189B82760059AD68 /* QuestionChoiceCell.xib */; };
		4AFE5EF1189B84150059AD68 /* QuestionChoiceCell.m in Sources */ = {isa = PBXBuildFile; fileRef = 4AFE5EF0189B84150059AD68 /* QuestionChoiceCell.m */; };
		CF4239A918A8B5F0000A1637 /* gift_click@2x.png in Resources */ = {isa = PBXBuildFile; fileRef = CF42398618A8B5F0000A1637 /* gift_click@2x.png */; };
		CF4239AA18A8B5F0000A1637 /* gift_normal@2x.png in Resources */ = {isa = PBXBuildFile; fileRef = CF42398718A8B5F0000A1637 /* gift_normal@2x.png */; };
		CF4239AB18A8B5F0000A1637 /* gray_star@2x.png in Resources */ = {isa = PBXBuildFile; fileRef = CF42398818A8B5F0000A1637 /* gray_star@2x.png */; };
		CF4239AC18A8B5F0000A1637 /* home@2x.png in Resources */ = {isa = PBXBuildFile; fileRef = CF42398918A8B5F0000A1637 /* home@2x.png */; };
		CF4239AD18A8B5F0000A1637 /* login_click@2x.png in Resources */ = {isa = PBXBuildFile; fileRef = CF42398A18A8B5F0000A1637 /* login_click@2x.png */; };
		CF4239AE18A8B5F0000A1637 /* login_normal@2x.png in Resources */ = {isa = PBXBuildFile; fileRef = CF42398B18A8B5F0000A1637 /* login_normal@2x.png */; };
		CF4239AF18A8B5F0000A1637 /* nest_normal@2x.png in Resources */ = {isa = PBXBuildFile; fileRef = CF42398C18A8B5F0000A1637 /* nest_normal@2x.png */; };
		CF4239B018A8B5F0000A1637 /* next_click@2x.png in Resources */ = {isa = PBXBuildFile; fileRef = CF42398D18A8B5F0000A1637 /* next_click@2x.png */; };
		CF4239B118A8B5F0000A1637 /* num@2x.png in Resources */ = {isa = PBXBuildFile; fileRef = CF42398E18A8B5F0000A1637 /* num@2x.png */; };
		CF4239B218A8B5F0000A1637 /* ok@2x.png in Resources */ = {isa = PBXBuildFile; fileRef = CF42398F18A8B5F0000A1637 /* ok@2x.png */; };
		CF4239B318A8B5F0000A1637 /* question@2x.png in Resources */ = {isa = PBXBuildFile; fileRef = CF42399018A8B5F0000A1637 /* question@2x.png */; };
		CF4239B418A8B5F0000A1637 /* regist_click@2x.png in Resources */ = {isa = PBXBuildFile; fileRef = CF42399118A8B5F0000A1637 /* regist_click@2x.png */; };
		CF4239B518A8B5F0000A1637 /* regist_normal@2x.png in Resources */ = {isa = PBXBuildFile; fileRef = CF42399218A8B5F0000A1637 /* regist_normal@2x.png */; };
		CF4239B618A8B5F0000A1637 /* result@2x.png in Resources */ = {isa = PBXBuildFile; fileRef = CF42399318A8B5F0000A1637 /* result@2x.png */; };
		CF4239B718A8B5F0000A1637 /* title@2x.png in Resources */ = {isa = PBXBuildFile; fileRef = CF42399418A8B5F0000A1637 /* title@2x.png */; };
		CF4239B818A8B5F0000A1637 /* ui-btn@2x.png in Resources */ = {isa = PBXBuildFile; fileRef = CF42399518A8B5F0000A1637 /* ui-btn@2x.png */; };
		CF4239B918A8B5F0000A1637 /* unclock@2x.png in Resources */ = {isa = PBXBuildFile; fileRef = CF42399618A8B5F0000A1637 /* unclock@2x.png */; };
		CF4239BA18A8B5F0000A1637 /* user@2x.png in Resources */ = {isa = PBXBuildFile; fileRef = CF42399718A8B5F0000A1637 /* user@2x.png */; };
		CF4239BB18A8B5F0000A1637 /* 我爱汉字美_第一关结束总结@2x.jpg in Resources */ = {isa = PBXBuildFile; fileRef = CF42399818A8B5F0000A1637 /* 我爱汉字美_第一关结束总结@2x.jpg */; };
		CF4239BC18A8B5F0000A1637 /* arrow_left@2x.png in Resources */ = {isa = PBXBuildFile; fileRef = CF42399918A8B5F0000A1637 /* arrow_left@2x.png */; };
		CF4239BD18A8B5F0000A1637 /* back_hover@2x.png in Resources */ = {isa = PBXBuildFile; fileRef = CF42399A18A8B5F0000A1637 /* back_hover@2x.png */; };
		CF4239BE18A8B5F0000A1637 /* back@2x.png in Resources */ = {isa = PBXBuildFile; fileRef = CF42399B18A8B5F0000A1637 /* back@2x.png */; };
		CF4239BF18A8B5F0000A1637 /* btn_click_star_light@2x.png in Resources */ = {isa = PBXBuildFile; fileRef = CF42399C18A8B5F0000A1637 /* btn_click_star_light@2x.png */; };
		CF4239C018A8B5F0000A1637 /* btn_click_star@2x.png in Resources */ = {isa = PBXBuildFile; fileRef = CF42399D18A8B5F0000A1637 /* btn_click_star@2x.png */; };
		CF4239C118A8B5F0000A1637 /* btn_click@2x.png in Resources */ = {isa = PBXBuildFile; fileRef = CF42399E18A8B5F0000A1637 /* btn_click@2x.png */; };
		CF4239C218A8B5F0000A1637 /* btn_erro@2x.png in Resources */ = {isa = PBXBuildFile; fileRef = CF42399F18A8B5F0000A1637 /* btn_erro@2x.png */; };
		CF4239C318A8B5F0000A1637 /* btn_normal@2x.png in Resources */ = {isa = PBXBuildFile; fileRef = CF4239A018A8B5F0000A1637 /* btn_normal@2x.png */; };
		CF4239C418A8B5F0000A1637 /* btn_ok@2x.png in Resources */ = {isa = PBXBuildFile; fileRef = CF4239A118A8B5F0000A1637 /* btn_ok@2x.png */; };
		CF4239C518A8B5F0000A1637 /* clock@2x.png in Resources */ = {isa = PBXBuildFile; fileRef = CF4239A218A8B5F0000A1637 /* clock@2x.png */; };
		CF4239C618A8B5F0000A1637 /* content@2x.png in Resources */ = {isa = PBXBuildFile; fileRef = CF4239A318A8B5F0000A1637 /* content@2x.png */; };
		CF4239C718A8B5F0000A1637 /* copy_click@2x.png in Resources */ = {isa = PBXBuildFile; fileRef = CF4239A418A8B5F0000A1637 /* copy_click@2x.png */; };
		CF4239C818A8B5F0000A1637 /* copy_normail@2x.png in Resources */ = {isa = PBXBuildFile; fileRef = CF4239A518A8B5F0000A1637 /* copy_normail@2x.png */; };
		CF4239C918A8B5F0000A1637 /* cut@2x.png in Resources */ = {isa = PBXBuildFile; fileRef = CF4239A618A8B5F0000A1637 /* cut@2x.png */; };
		CF4239CA18A8B5F0000A1637 /* error@2x.png in Resources */ = {isa = PBXBuildFile; fileRef = CF4239A718A8B5F0000A1637 /* error@2x.png */; };
		CF4239CB18A8B5F0000A1637 /* fail@2x.png in Resources */ = {isa = PBXBuildFile; fileRef = CF4239A818A8B5F0000A1637 /* fail@2x.png */; };
		CF4239D718A8CFE6000A1637 /* GameSelectingButton.m in Sources */ = {isa = PBXBuildFile; fileRef = CF4239D618A8CFE6000A1637 /* GameSelectingButton.m */; };
		CF4239D918A8D005000A1637 /* GameSelectingButton.xib in Resources */ = {isa = PBXBuildFile; fileRef = CF4239D818A8D005000A1637 /* GameSelectingButton.xib */; };
		CF4239DE18A8F230000A1637 /* bg1@2x.jpg in Resources */ = {isa = PBXBuildFile; fileRef = CF4239DA18A8F230000A1637 /* bg1@2x.jpg */; };
		CF4239DF18A8F230000A1637 /* bg2@2x.jpg in Resources */ = {isa = PBXBuildFile; fileRef = CF4239DB18A8F230000A1637 /* bg2@2x.jpg */; };
		CF4239E018A8F230000A1637 /* bg3.jpg in Resources */ = {isa = PBXBuildFile; fileRef = CF4239DC18A8F230000A1637 /* bg3.jpg */; };
		CF4239E118A8F230000A1637 /* bg4.jpg in Resources */ = {isa = PBXBuildFile; fileRef = CF4239DD18A8F230000A1637 /* bg4.jpg */; };
		CF423A6C18AA0824000A1637 /* all_leve_seled@2x.png in Resources */ = {isa = PBXBuildFile; fileRef = CF423A4018AA0823000A1637 /* all_leve_seled@2x.png */; };
		CF423A6D18AA0824000A1637 /* all_leve_unseled@2x.png in Resources */ = {isa = PBXBuildFile; fileRef = CF423A4118AA0823000A1637 /* all_leve_unseled@2x.png */; };
		CF423A6E18AA0824000A1637 /* all_leve@2x.png in Resources */ = {isa = PBXBuildFile; fileRef = CF423A4218AA0823000A1637 /* all_leve@2x.png */; };
		CF423A6F18AA0824000A1637 /* bottom@2x.png in Resources */ = {isa = PBXBuildFile; fileRef = CF423A4318AA0823000A1637 /* bottom@2x.png */; };
		CF423A7018AA0824000A1637 /* btn_2@2x.png in Resources */ = {isa = PBXBuildFile; fileRef = CF423A4418AA0823000A1637 /* btn_2@2x.png */; };
		CF423A7118AA0824000A1637 /* btn_3@2x.png in Resources */ = {isa = PBXBuildFile; fileRef = CF423A4518AA0823000A1637 /* btn_3@2x.png */; };
		CF423A7218AA0824000A1637 /* btn@2x.png in Resources */ = {isa = PBXBuildFile; fileRef = CF423A4618AA0823000A1637 /* btn@2x.png */; };
		CF423A7318AA0824000A1637 /* friend@2x.png in Resources */ = {isa = PBXBuildFile; fileRef = CF423A4718AA0823000A1637 /* friend@2x.png */; };
		CF423A7418AA0824000A1637 /* game@2x.png in Resources */ = {isa = PBXBuildFile; fileRef = CF423A4818AA0823000A1637 /* game@2x.png */; };
		CF423A7518AA0824000A1637 /* get_gift@2x.png in Resources */ = {isa = PBXBuildFile; fileRef = CF423A4918AA0823000A1637 /* get_gift@2x.png */; };
		CF423A7618AA0824000A1637 /* gift_1@2x.png in Resources */ = {isa = PBXBuildFile; fileRef = CF423A4A18AA0823000A1637 /* gift_1@2x.png */; };
		CF423A7718AA0824000A1637 /* gift_2@2x.png in Resources */ = {isa = PBXBuildFile; fileRef = CF423A4B18AA0823000A1637 /* gift_2@2x.png */; };
		CF423A7818AA0824000A1637 /* gift_3@2x.png in Resources */ = {isa = PBXBuildFile; fileRef = CF423A4C18AA0823000A1637 /* gift_3@2x.png */; };
		CF423A7918AA0824000A1637 /* gift_4@2x.png in Resources */ = {isa = PBXBuildFile; fileRef = CF423A4D18AA0823000A1637 /* gift_4@2x.png */; };
		CF423A7A18AA0824000A1637 /* gift_arrow@2x.png in Resources */ = {isa = PBXBuildFile; fileRef = CF423A4E18AA0823000A1637 /* gift_arrow@2x.png */; };
		CF423A7B18AA0824000A1637 /* gift_detail@2x.png in Resources */ = {isa = PBXBuildFile; fileRef = CF423A4F18AA0823000A1637 /* gift_detail@2x.png */; };
		CF423A7C18AA0824000A1637 /* gift_point_detail@2x.png in Resources */ = {isa = PBXBuildFile; fileRef = CF423A5018AA0823000A1637 /* gift_point_detail@2x.png */; };
		CF423A7D18AA0824000A1637 /* gift_point@2x.png in Resources */ = {isa = PBXBuildFile; fileRef = CF423A5118AA0823000A1637 /* gift_point@2x.png */; };
		CF423A7E18AA0824000A1637 /* gift@2x.png in Resources */ = {isa = PBXBuildFile; fileRef = CF423A5218AA0823000A1637 /* gift@2x.png */; };
		CF423A7F18AA0824000A1637 /* green@2x.png in Resources */ = {isa = PBXBuildFile; fileRef = CF423A5318AA0823000A1637 /* green@2x.png */; };
		CF423A8018AA0824000A1637 /* help@2x.png in Resources */ = {isa = PBXBuildFile; fileRef = CF423A5418AA0823000A1637 /* help@2x.png */; };
		CF423A8118AA0824000A1637 /* index_1@2x.png in Resources */ = {isa = PBXBuildFile; fileRef = CF423A5518AA0824000A1637 /* index_1@2x.png */; };
		CF423A8218AA0824000A1637 /* index_ad@2x.png in Resources */ = {isa = PBXBuildFile; fileRef = CF423A5618AA0824000A1637 /* index_ad@2x.png */; };
		CF423A8318AA0824000A1637 /* index@2x.png in Resources */ = {isa = PBXBuildFile; fileRef = CF423A5718AA0824000A1637 /* index@2x.png */; };
		CF423A8418AA0824000A1637 /* level1_bg@2x.png in Resources */ = {isa = PBXBuildFile; fileRef = CF423A5818AA0824000A1637 /* level1_bg@2x.png */; };
		CF423A8518AA0824000A1637 /* login1@2x.png in Resources */ = {isa = PBXBuildFile; fileRef = CF423A5918AA0824000A1637 /* login1@2x.png */; };
		CF423A8618AA0824000A1637 /* logo@2x.png in Resources */ = {isa = PBXBuildFile; fileRef = CF423A5A18AA0824000A1637 /* logo@2x.png */; };
		CF423A8718AA0824000A1637 /* news_ad@2x.png in Resources */ = {isa = PBXBuildFile; fileRef = CF423A5B18AA0824000A1637 /* news_ad@2x.png */; };
		CF423A8818AA0824000A1637 /* news_content_1@2x.png in Resources */ = {isa = PBXBuildFile; fileRef = CF423A5C18AA0824000A1637 /* news_content_1@2x.png */; };
		CF423A8918AA0824000A1637 /* news_content@2x.png in Resources */ = {isa = PBXBuildFile; fileRef = CF423A5D18AA0824000A1637 /* news_content@2x.png */; };
		CF423A8A18AA0824000A1637 /* news_titel@2x.png in Resources */ = {isa = PBXBuildFile; fileRef = CF423A5E18AA0824000A1637 /* news_titel@2x.png */; };
		CF423A8B18AA0824000A1637 /* org@2x.png in Resources */ = {isa = PBXBuildFile; fileRef = CF423A5F18AA0824000A1637 /* org@2x.png */; };
		CF423A8C18AA0824000A1637 /* pink_1@2x.png in Resources */ = {isa = PBXBuildFile; fileRef = CF423A6018AA0824000A1637 /* pink_1@2x.png */; };
		CF423A8D18AA0824000A1637 /* pink@2x.png in Resources */ = {isa = PBXBuildFile; fileRef = CF423A6118AA0824000A1637 /* pink@2x.png */; };
		CF423A8E18AA0824000A1637 /* qq@2x.png in Resources */ = {isa = PBXBuildFile; fileRef = CF423A6218AA0824000A1637 /* qq@2x.png */; };
		CF423A8F18AA0824000A1637 /* regist@2x.png in Resources */ = {isa = PBXBuildFile; fileRef = CF423A6318AA0824000A1637 /* regist@2x.png */; };
		CF423A9018AA0824000A1637 /* result_content@2x.png in Resources */ = {isa = PBXBuildFile; fileRef = CF423A6418AA0824000A1637 /* result_content@2x.png */; };
		CF423A9118AA0824000A1637 /* s_arrow@2x.png in Resources */ = {isa = PBXBuildFile; fileRef = CF423A6518AA0824000A1637 /* s_arrow@2x.png */; };
		CF423A9218AA0824000A1637 /* score@2x.png in Resources */ = {isa = PBXBuildFile; fileRef = CF423A6618AA0824000A1637 /* score@2x.png */; };
		CF423A9318AA0824000A1637 /* share_gift@2x.png in Resources */ = {isa = PBXBuildFile; fileRef = CF423A6718AA0824000A1637 /* share_gift@2x.png */; };
		CF423A9418AA0824000A1637 /* sina@2x.png in Resources */ = {isa = PBXBuildFile; fileRef = CF423A6818AA0824000A1637 /* sina@2x.png */; };
		CF423A9518AA0824000A1637 /* step@2x.png in Resources */ = {isa = PBXBuildFile; fileRef = CF423A6918AA0824000A1637 /* step@2x.png */; };
		CF423A9618AA0824000A1637 /* submit@2x.png in Resources */ = {isa = PBXBuildFile; fileRef = CF423A6A18AA0824000A1637 /* submit@2x.png */; };
		CF423A9718AA0824000A1637 /* wexin@2x.png in Resources */ = {isa = PBXBuildFile; fileRef = CF423A6B18AA0824000A1637 /* wexin@2x.png */; };
		CF423A9A18AA0AD0000A1637 /* UIImage+Resize.m in Sources */ = {isa = PBXBuildFile; fileRef = CF423A9918AA0AD0000A1637 /* UIImage+Resize.m */; };
		CF423A9E18AA2D96000A1637 /* RollingViewController.m in Sources */ = {isa = PBXBuildFile; fileRef = CF423A9C18AA2D96000A1637 /* RollingViewController.m */; };
		CF423A9F18AA2D96000A1637 /* RollingViewController.xib in Resources */ = {isa = PBXBuildFile; fileRef = CF423A9D18AA2D96000A1637 /* RollingViewController.xib */; };
		CF853DFD18AA450100AA4683 /* CustomIOS7AlertView.m in Sources */ = {isa = PBXBuildFile; fileRef = CF853DFC18AA450100AA4683 /* CustomIOS7AlertView.m */; };
		CF853DFF18AB103A00AA4683 /* DialogForBlock.xib in Resources */ = {isa = PBXBuildFile; fileRef = CF853DFE18AB103A00AA4683 /* DialogForBlock.xib */; };
		CF853E0218AB133C00AA4683 /* DialogForBlock.m in Sources */ = {isa = PBXBuildFile; fileRef = CF853E0118AB133C00AA4683 /* DialogForBlock.m */; };
		CF853E0518AB58B900AA4683 /* DialogForLastBlock.m in Sources */ = {isa = PBXBuildFile; fileRef = CF853E0418AB58B900AA4683 /* DialogForLastBlock.m */; };
		CF853E0718AB58ED00AA4683 /* DialogForLastBlock.xib in Resources */ = {isa = PBXBuildFile; fileRef = CF853E0618AB58ED00AA4683 /* DialogForLastBlock.xib */; };
		CFCFE3DA18AB656A009C8EB9 /* AWActionSheet.m in Sources */ = {isa = PBXBuildFile; fileRef = CFCFE3D918AB656A009C8EB9 /* AWActionSheet.m */; };
		CFCFE3E018AB69C3009C8EB9 /* libWeChatSDK.a in Frameworks */ = {isa = PBXBuildFile; fileRef = CFCFE3DD18AB69C3009C8EB9 /* libWeChatSDK.a */; };
		CFCFE3E218AB8684009C8EB9 /* GameSelectViewController.xib in Resources */ = {isa = PBXBuildFile; fileRef = CFCFE3E118AB8684009C8EB9 /* GameSelectViewController.xib */; };
		CFCFE3E618AB970D009C8EB9 /* Default-568h@2x.png in Resources */ = {isa = PBXBuildFile; fileRef = CFCFE3E318AB970D009C8EB9 /* Default-568h@2x.png */; };
		CFCFE3E818AB970D009C8EB9 /* Default@2x.png in Resources */ = {isa = PBXBuildFile; fileRef = CFCFE3E518AB970D009C8EB9 /* Default@2x.png */; };
		CFCFE3EB18AB9CA0009C8EB9 /* CustomPageControl.m in Sources */ = {isa = PBXBuildFile; fileRef = CFCFE3EA18AB9CA0009C8EB9 /* CustomPageControl.m */; };
/* End PBXBuildFile section */

/* Begin PBXContainerItemProxy section */
		4A1B3F991897B45C00E36064 /* PBXContainerItemProxy */ = {
			isa = PBXContainerItemProxy;
			containerPortal = 4A1B3F711897B45B00E36064 /* Project object */;
			proxyType = 1;
			remoteGlobalIDString = 4A1B3F781897B45C00E36064;
			remoteInfo = iHanzi;
		};
/* End PBXContainerItemProxy section */

/* Begin PBXFileReference section */
		4A0172B518994A9D00AA4B13 /* CustomTabViewController.h */ = {isa = PBXFileReference; fileEncoding = 4; lastKnownFileType = sourcecode.c.h; path = CustomTabViewController.h; sourceTree = "<group>"; };
		4A0172B618994A9D00AA4B13 /* CustomTabViewController.m */ = {isa = PBXFileReference; fileEncoding = 4; lastKnownFileType = sourcecode.c.objc; path = CustomTabViewController.m; sourceTree = "<group>"; };
		4A1B3F791897B45C00E36064 /* iHanzi.app */ = {isa = PBXFileReference; explicitFileType = wrapper.application; includeInIndex = 0; path = iHanzi.app; sourceTree = BUILT_PRODUCTS_DIR; };
		4A1B3F7C1897B45C00E36064 /* Foundation.framework */ = {isa = PBXFileReference; lastKnownFileType = wrapper.framework; name = Foundation.framework; path = System/Library/Frameworks/Foundation.framework; sourceTree = SDKROOT; };
		4A1B3F7E1897B45C00E36064 /* CoreGraphics.framework */ = {isa = PBXFileReference; lastKnownFileType = wrapper.framework; name = CoreGraphics.framework; path = System/Library/Frameworks/CoreGraphics.framework; sourceTree = SDKROOT; };
		4A1B3F801897B45C00E36064 /* UIKit.framework */ = {isa = PBXFileReference; lastKnownFileType = wrapper.framework; name = UIKit.framework; path = System/Library/Frameworks/UIKit.framework; sourceTree = SDKROOT; };
		4A1B3F841897B45C00E36064 /* iHanzi-Info.plist */ = {isa = PBXFileReference; lastKnownFileType = text.plist.xml; path = "iHanzi-Info.plist"; sourceTree = "<group>"; };
		4A1B3F861897B45C00E36064 /* en */ = {isa = PBXFileReference; lastKnownFileType = text.plist.strings; name = en; path = en.lproj/InfoPlist.strings; sourceTree = "<group>"; };
		4A1B3F881897B45C00E36064 /* main.m */ = {isa = PBXFileReference; lastKnownFileType = sourcecode.c.objc; path = main.m; sourceTree = "<group>"; };
		4A1B3F8A1897B45C00E36064 /* iHanzi-Prefix.pch */ = {isa = PBXFileReference; lastKnownFileType = sourcecode.c.h; path = "iHanzi-Prefix.pch"; sourceTree = "<group>"; };
		4A1B3F8B1897B45C00E36064 /* AppDelegate.h */ = {isa = PBXFileReference; lastKnownFileType = sourcecode.c.h; path = AppDelegate.h; sourceTree = "<group>"; };
		4A1B3F8C1897B45C00E36064 /* AppDelegate.m */ = {isa = PBXFileReference; lastKnownFileType = sourcecode.c.objc; path = AppDelegate.m; sourceTree = "<group>"; };
		4A1B3F8E1897B45C00E36064 /* Images.xcassets */ = {isa = PBXFileReference; lastKnownFileType = folder.assetcatalog; path = Images.xcassets; sourceTree = "<group>"; };
		4A1B3F941897B45C00E36064 /* iHanziTests.xctest */ = {isa = PBXFileReference; explicitFileType = wrapper.cfbundle; includeInIndex = 0; path = iHanziTests.xctest; sourceTree = BUILT_PRODUCTS_DIR; };
		4A1B3F951897B45C00E36064 /* XCTest.framework */ = {isa = PBXFileReference; lastKnownFileType = wrapper.framework; name = XCTest.framework; path = Library/Frameworks/XCTest.framework; sourceTree = DEVELOPER_DIR; };
		4A1B3F9D1897B45C00E36064 /* iHanziTests-Info.plist */ = {isa = PBXFileReference; lastKnownFileType = text.plist.xml; path = "iHanziTests-Info.plist"; sourceTree = "<group>"; };
		4A1B3F9F1897B45C00E36064 /* en */ = {isa = PBXFileReference; lastKnownFileType = text.plist.strings; name = en; path = en.lproj/InfoPlist.strings; sourceTree = "<group>"; };
		4A1B3FA11897B45C00E36064 /* iHanziTests.m */ = {isa = PBXFileReference; lastKnownFileType = sourcecode.c.objc; path = iHanziTests.m; sourceTree = "<group>"; };
		4A1B3FAE1897C95D00E36064 /* HomeTabBarController.h */ = {isa = PBXFileReference; fileEncoding = 4; lastKnownFileType = sourcecode.c.h; path = HomeTabBarController.h; sourceTree = "<group>"; };
		4A1B3FAF1897C95D00E36064 /* HomeTabBarController.m */ = {isa = PBXFileReference; fileEncoding = 4; lastKnownFileType = sourcecode.c.objc; path = HomeTabBarController.m; sourceTree = "<group>"; };
		4A1B3FB01897C95D00E36064 /* HomeTabBarController.xib */ = {isa = PBXFileReference; fileEncoding = 4; lastKnownFileType = file.xib; path = HomeTabBarController.xib; sourceTree = "<group>"; };
		4A1B3FB31897D92700E36064 /* UserViewController.h */ = {isa = PBXFileReference; fileEncoding = 4; lastKnownFileType = sourcecode.c.h; path = UserViewController.h; sourceTree = "<group>"; };
		4A1B3FB41897D92700E36064 /* UserViewController.m */ = {isa = PBXFileReference; fileEncoding = 4; lastKnownFileType = sourcecode.c.objc; path = UserViewController.m; sourceTree = "<group>"; };
		4A1B3FB51897D92700E36064 /* UserViewController.xib */ = {isa = PBXFileReference; fileEncoding = 4; lastKnownFileType = file.xib; path = UserViewController.xib; sourceTree = "<group>"; };
		4A1B3FB81897DAAB00E36064 /* GameSelectViewController.h */ = {isa = PBXFileReference; fileEncoding = 4; lastKnownFileType = sourcecode.c.h; path = GameSelectViewController.h; sourceTree = "<group>"; };
		4A1B3FB91897DAAB00E36064 /* GameSelectViewController.m */ = {isa = PBXFileReference; fileEncoding = 4; lastKnownFileType = sourcecode.c.objc; path = GameSelectViewController.m; sourceTree = "<group>"; };
		4A2AD827189E7C16004A3A56 /* SocialShareView.h */ = {isa = PBXFileReference; fileEncoding = 4; lastKnownFileType = sourcecode.c.h; path = SocialShareView.h; sourceTree = "<group>"; };
		4A2AD828189E7C16004A3A56 /* SocialShareView.m */ = {isa = PBXFileReference; fileEncoding = 4; lastKnownFileType = sourcecode.c.objc; path = SocialShareView.m; sourceTree = "<group>"; };
		4A2AD82A189E7C95004A3A56 /* SocialShareView.xib */ = {isa = PBXFileReference; fileEncoding = 4; lastKnownFileType = file.xib; path = SocialShareView.xib; sourceTree = "<group>"; };
		4A2AD82C189E83A0004A3A56 /* ShareTextView.h */ = {isa = PBXFileReference; fileEncoding = 4; lastKnownFileType = sourcecode.c.h; path = ShareTextView.h; sourceTree = "<group>"; };
		4A2AD82D189E83A0004A3A56 /* ShareTextView.m */ = {isa = PBXFileReference; fileEncoding = 4; lastKnownFileType = sourcecode.c.objc; path = ShareTextView.m; sourceTree = "<group>"; };
		4A2C9CD0189BD72C00CD188D /* TiKu.plist */ = {isa = PBXFileReference; fileEncoding = 4; lastKnownFileType = text.plist.xml; path = TiKu.plist; sourceTree = "<group>"; };
		4A6AE495189D19F400E96E80 /* SettingViewController.h */ = {isa = PBXFileReference; fileEncoding = 4; lastKnownFileType = sourcecode.c.h; path = SettingViewController.h; sourceTree = "<group>"; };
		4A6AE496189D19F400E96E80 /* SettingViewController.m */ = {isa = PBXFileReference; fileEncoding = 4; lastKnownFileType = sourcecode.c.objc; path = SettingViewController.m; sourceTree = "<group>"; };
		4A6AE498189D200400E96E80 /* NewsViewController.h */ = {isa = PBXFileReference; fileEncoding = 4; lastKnownFileType = sourcecode.c.h; path = NewsViewController.h; sourceTree = "<group>"; };
		4A6AE499189D200400E96E80 /* NewsViewController.m */ = {isa = PBXFileReference; fileEncoding = 4; lastKnownFileType = sourcecode.c.objc; path = NewsViewController.m; sourceTree = "<group>"; };
		4AFE5EC6189A18140059AD68 /* CustomGameSelectCell.h */ = {isa = PBXFileReference; fileEncoding = 4; lastKnownFileType = sourcecode.c.h; path = CustomGameSelectCell.h; sourceTree = "<group>"; };
		4AFE5EC7189A18140059AD68 /* CustomGameSelectCell.m */ = {isa = PBXFileReference; fileEncoding = 4; lastKnownFileType = sourcecode.c.objc; path = CustomGameSelectCell.m; sourceTree = "<group>"; };
		4AFE5ECB189A1A3F0059AD68 /* CustomGameSelectCell.xib */ = {isa = PBXFileReference; fileEncoding = 4; lastKnownFileType = file.xib; path = CustomGameSelectCell.xib; sourceTree = "<group>"; };
		4AFE5ED0189A4CE10059AD68 /* GamePlayingViewController.h */ = {isa = PBXFileReference; fileEncoding = 4; lastKnownFileType = sourcecode.c.h; path = GamePlayingViewController.h; sourceTree = "<group>"; };
		4AFE5ED1189A4CE10059AD68 /* GamePlayingViewController.m */ = {isa = PBXFileReference; fileEncoding = 4; lastKnownFileType = sourcecode.c.objc; path = GamePlayingViewController.m; sourceTree = "<group>"; };
		4AFE5ED2189A4CE10059AD68 /* GamePlayingViewController.xib */ = {isa = PBXFileReference; fileEncoding = 4; lastKnownFileType = file.xib; path = GamePlayingViewController.xib; sourceTree = "<group>"; };
		4AFE5ED6189A56BC0059AD68 /* star.jpeg */ = {isa = PBXFileReference; lastKnownFileType = image.jpeg; path = star.jpeg; sourceTree = "<group>"; };
		4AFE5ED8189A58E80059AD68 /* CustomAlertView.h */ = {isa = PBXFileReference; fileEncoding = 4; lastKnownFileType = sourcecode.c.h; path = CustomAlertView.h; sourceTree = "<group>"; };
		4AFE5ED9189A58E80059AD68 /* CustomAlertView.m */ = {isa = PBXFileReference; fileEncoding = 4; lastKnownFileType = sourcecode.c.objc; path = CustomAlertView.m; sourceTree = "<group>"; };
		4AFE5EDB189A82F40059AD68 /* DataManager.h */ = {isa = PBXFileReference; fileEncoding = 4; lastKnownFileType = sourcecode.c.h; path = DataManager.h; sourceTree = "<group>"; };
		4AFE5EDC189A82F40059AD68 /* DataManager.m */ = {isa = PBXFileReference; fileEncoding = 4; lastKnownFileType = sourcecode.c.objc; path = DataManager.m; sourceTree = "<group>"; };
		4AFE5EE1189B81400059AD68 /* button_box.png */ = {isa = PBXFileReference; lastKnownFileType = image.png; path = button_box.png; sourceTree = "<group>"; };
		4AFE5EE2189B81400059AD68 /* button_check.png */ = {isa = PBXFileReference; lastKnownFileType = image.png; path = button_check.png; sourceTree = "<group>"; };
		4AFE5EE3189B81400059AD68 /* letter_a.png */ = {isa = PBXFileReference; lastKnownFileType = image.png; path = letter_a.png; sourceTree = "<group>"; };
		4AFE5EE4189B81400059AD68 /* letter_b.png */ = {isa = PBXFileReference; lastKnownFileType = image.png; path = letter_b.png; sourceTree = "<group>"; };
		4AFE5EE5189B81400059AD68 /* letter_c.png */ = {isa = PBXFileReference; lastKnownFileType = image.png; path = letter_c.png; sourceTree = "<group>"; };
		4AFE5EE6189B81400059AD68 /* letter_d.png */ = {isa = PBXFileReference; lastKnownFileType = image.png; path = letter_d.png; sourceTree = "<group>"; };
		4AFE5EED189B82760059AD68 /* QuestionChoiceCell.xib */ = {isa = PBXFileReference; fileEncoding = 4; lastKnownFileType = file.xib; path = QuestionChoiceCell.xib; sourceTree = "<group>"; };
		4AFE5EEF189B84150059AD68 /* QuestionChoiceCell.h */ = {isa = PBXFileReference; fileEncoding = 4; lastKnownFileType = sourcecode.c.h; path = QuestionChoiceCell.h; sourceTree = "<group>"; };
		4AFE5EF0189B84150059AD68 /* QuestionChoiceCell.m */ = {isa = PBXFileReference; fileEncoding = 4; lastKnownFileType = sourcecode.c.objc; path = QuestionChoiceCell.m; sourceTree = "<group>"; };
		CF42398618A8B5F0000A1637 /* gift_click@2x.png */ = {isa = PBXFileReference; lastKnownFileType = image.png; path = "gift_click@2x.png"; sourceTree = "<group>"; };
		CF42398718A8B5F0000A1637 /* gift_normal@2x.png */ = {isa = PBXFileReference; lastKnownFileType = image.png; path = "gift_normal@2x.png"; sourceTree = "<group>"; };
		CF42398818A8B5F0000A1637 /* gray_star@2x.png */ = {isa = PBXFileReference; lastKnownFileType = image.png; path = "gray_star@2x.png"; sourceTree = "<group>"; };
		CF42398918A8B5F0000A1637 /* home@2x.png */ = {isa = PBXFileReference; lastKnownFileType = image.png; path = "home@2x.png"; sourceTree = "<group>"; };
		CF42398A18A8B5F0000A1637 /* login_click@2x.png */ = {isa = PBXFileReference; lastKnownFileType = image.png; path = "login_click@2x.png"; sourceTree = "<group>"; };
		CF42398B18A8B5F0000A1637 /* login_normal@2x.png */ = {isa = PBXFileReference; lastKnownFileType = image.png; path = "login_normal@2x.png"; sourceTree = "<group>"; };
		CF42398C18A8B5F0000A1637 /* nest_normal@2x.png */ = {isa = PBXFileReference; lastKnownFileType = image.png; path = "nest_normal@2x.png"; sourceTree = "<group>"; };
		CF42398D18A8B5F0000A1637 /* next_click@2x.png */ = {isa = PBXFileReference; lastKnownFileType = image.png; path = "next_click@2x.png"; sourceTree = "<group>"; };
		CF42398E18A8B5F0000A1637 /* num@2x.png */ = {isa = PBXFileReference; lastKnownFileType = image.png; path = "num@2x.png"; sourceTree = "<group>"; };
		CF42398F18A8B5F0000A1637 /* ok@2x.png */ = {isa = PBXFileReference; lastKnownFileType = image.png; path = "ok@2x.png"; sourceTree = "<group>"; };
		CF42399018A8B5F0000A1637 /* question@2x.png */ = {isa = PBXFileReference; lastKnownFileType = image.png; path = "question@2x.png"; sourceTree = "<group>"; };
		CF42399118A8B5F0000A1637 /* regist_click@2x.png */ = {isa = PBXFileReference; lastKnownFileType = image.png; path = "regist_click@2x.png"; sourceTree = "<group>"; };
		CF42399218A8B5F0000A1637 /* regist_normal@2x.png */ = {isa = PBXFileReference; lastKnownFileType = image.png; path = "regist_normal@2x.png"; sourceTree = "<group>"; };
		CF42399318A8B5F0000A1637 /* result@2x.png */ = {isa = PBXFileReference; lastKnownFileType = image.png; path = "result@2x.png"; sourceTree = "<group>"; };
		CF42399418A8B5F0000A1637 /* title@2x.png */ = {isa = PBXFileReference; lastKnownFileType = image.png; path = "title@2x.png"; sourceTree = "<group>"; };
		CF42399518A8B5F0000A1637 /* ui-btn@2x.png */ = {isa = PBXFileReference; lastKnownFileType = image.png; path = "ui-btn@2x.png"; sourceTree = "<group>"; };
		CF42399618A8B5F0000A1637 /* unclock@2x.png */ = {isa = PBXFileReference; lastKnownFileType = image.png; path = "unclock@2x.png"; sourceTree = "<group>"; };
		CF42399718A8B5F0000A1637 /* user@2x.png */ = {isa = PBXFileReference; lastKnownFileType = image.png; path = "user@2x.png"; sourceTree = "<group>"; };
		CF42399818A8B5F0000A1637 /* 我爱汉字美_第一关结束总结@2x.jpg */ = {isa = PBXFileReference; lastKnownFileType = image.jpeg; path = "我爱汉字美_第一关结束总结@2x.jpg"; sourceTree = "<group>"; };
		CF42399918A8B5F0000A1637 /* arrow_left@2x.png */ = {isa = PBXFileReference; lastKnownFileType = image.png; path = "arrow_left@2x.png"; sourceTree = "<group>"; };
		CF42399A18A8B5F0000A1637 /* back_hover@2x.png */ = {isa = PBXFileReference; lastKnownFileType = image.png; path = "back_hover@2x.png"; sourceTree = "<group>"; };
		CF42399B18A8B5F0000A1637 /* back@2x.png */ = {isa = PBXFileReference; lastKnownFileType = image.png; path = "back@2x.png"; sourceTree = "<group>"; };
		CF42399C18A8B5F0000A1637 /* btn_click_star_light@2x.png */ = {isa = PBXFileReference; lastKnownFileType = image.png; path = "btn_click_star_light@2x.png"; sourceTree = "<group>"; };
		CF42399D18A8B5F0000A1637 /* btn_click_star@2x.png */ = {isa = PBXFileReference; lastKnownFileType = image.png; path = "btn_click_star@2x.png"; sourceTree = "<group>"; };
		CF42399E18A8B5F0000A1637 /* btn_click@2x.png */ = {isa = PBXFileReference; lastKnownFileType = image.png; path = "btn_click@2x.png"; sourceTree = "<group>"; };
		CF42399F18A8B5F0000A1637 /* btn_erro@2x.png */ = {isa = PBXFileReference; lastKnownFileType = image.png; path = "btn_erro@2x.png"; sourceTree = "<group>"; };
		CF4239A018A8B5F0000A1637 /* btn_normal@2x.png */ = {isa = PBXFileReference; lastKnownFileType = image.png; path = "btn_normal@2x.png"; sourceTree = "<group>"; };
		CF4239A118A8B5F0000A1637 /* btn_ok@2x.png */ = {isa = PBXFileReference; lastKnownFileType = image.png; path = "btn_ok@2x.png"; sourceTree = "<group>"; };
		CF4239A218A8B5F0000A1637 /* clock@2x.png */ = {isa = PBXFileReference; lastKnownFileType = image.png; path = "clock@2x.png"; sourceTree = "<group>"; };
		CF4239A318A8B5F0000A1637 /* content@2x.png */ = {isa = PBXFileReference; lastKnownFileType = image.png; path = "content@2x.png"; sourceTree = "<group>"; };
		CF4239A418A8B5F0000A1637 /* copy_click@2x.png */ = {isa = PBXFileReference; lastKnownFileType = image.png; path = "copy_click@2x.png"; sourceTree = "<group>"; };
		CF4239A518A8B5F0000A1637 /* copy_normail@2x.png */ = {isa = PBXFileReference; lastKnownFileType = image.png; path = "copy_normail@2x.png"; sourceTree = "<group>"; };
		CF4239A618A8B5F0000A1637 /* cut@2x.png */ = {isa = PBXFileReference; lastKnownFileType = image.png; path = "cut@2x.png"; sourceTree = "<group>"; };
		CF4239A718A8B5F0000A1637 /* error@2x.png */ = {isa = PBXFileReference; lastKnownFileType = image.png; path = "error@2x.png"; sourceTree = "<group>"; };
		CF4239A818A8B5F0000A1637 /* fail@2x.png */ = {isa = PBXFileReference; lastKnownFileType = image.png; path = "fail@2x.png"; sourceTree = "<group>"; };
		CF4239D518A8CFE5000A1637 /* GameSelectingButton.h */ = {isa = PBXFileReference; fileEncoding = 4; lastKnownFileType = sourcecode.c.h; path = GameSelectingButton.h; sourceTree = "<group>"; };
		CF4239D618A8CFE6000A1637 /* GameSelectingButton.m */ = {isa = PBXFileReference; fileEncoding = 4; lastKnownFileType = sourcecode.c.objc; path = GameSelectingButton.m; sourceTree = "<group>"; };
		CF4239D818A8D005000A1637 /* GameSelectingButton.xib */ = {isa = PBXFileReference; fileEncoding = 4; lastKnownFileType = file.xib; path = GameSelectingButton.xib; sourceTree = "<group>"; };
		CF4239DA18A8F230000A1637 /* bg1@2x.jpg */ = {isa = PBXFileReference; lastKnownFileType = image.jpeg; path = "bg1@2x.jpg"; sourceTree = "<group>"; };
		CF4239DB18A8F230000A1637 /* bg2@2x.jpg */ = {isa = PBXFileReference; lastKnownFileType = image.jpeg; path = "bg2@2x.jpg"; sourceTree = "<group>"; };
		CF4239DC18A8F230000A1637 /* bg3.jpg */ = {isa = PBXFileReference; lastKnownFileType = image.jpeg; path = bg3.jpg; sourceTree = "<group>"; };
		CF4239DD18A8F230000A1637 /* bg4.jpg */ = {isa = PBXFileReference; lastKnownFileType = image.jpeg; path = bg4.jpg; sourceTree = "<group>"; };
		CF423A4018AA0823000A1637 /* all_leve_seled@2x.png */ = {isa = PBXFileReference; lastKnownFileType = image.png; path = "all_leve_seled@2x.png"; sourceTree = "<group>"; };
		CF423A4118AA0823000A1637 /* all_leve_unseled@2x.png */ = {isa = PBXFileReference; lastKnownFileType = image.png; path = "all_leve_unseled@2x.png"; sourceTree = "<group>"; };
		CF423A4218AA0823000A1637 /* all_leve@2x.png */ = {isa = PBXFileReference; lastKnownFileType = image.png; path = "all_leve@2x.png"; sourceTree = "<group>"; };
		CF423A4318AA0823000A1637 /* bottom@2x.png */ = {isa = PBXFileReference; lastKnownFileType = image.png; path = "bottom@2x.png"; sourceTree = "<group>"; };
		CF423A4418AA0823000A1637 /* btn_2@2x.png */ = {isa = PBXFileReference; lastKnownFileType = image.png; path = "btn_2@2x.png"; sourceTree = "<group>"; };
		CF423A4518AA0823000A1637 /* btn_3@2x.png */ = {isa = PBXFileReference; lastKnownFileType = image.png; path = "btn_3@2x.png"; sourceTree = "<group>"; };
		CF423A4618AA0823000A1637 /* btn@2x.png */ = {isa = PBXFileReference; lastKnownFileType = image.png; path = "btn@2x.png"; sourceTree = "<group>"; };
		CF423A4718AA0823000A1637 /* friend@2x.png */ = {isa = PBXFileReference; lastKnownFileType = image.png; path = "friend@2x.png"; sourceTree = "<group>"; };
		CF423A4818AA0823000A1637 /* game@2x.png */ = {isa = PBXFileReference; lastKnownFileType = image.png; path = "game@2x.png"; sourceTree = "<group>"; };
		CF423A4918AA0823000A1637 /* get_gift@2x.png */ = {isa = PBXFileReference; lastKnownFileType = image.png; path = "get_gift@2x.png"; sourceTree = "<group>"; };
		CF423A4A18AA0823000A1637 /* gift_1@2x.png */ = {isa = PBXFileReference; lastKnownFileType = image.png; path = "gift_1@2x.png"; sourceTree = "<group>"; };
		CF423A4B18AA0823000A1637 /* gift_2@2x.png */ = {isa = PBXFileReference; lastKnownFileType = image.png; path = "gift_2@2x.png"; sourceTree = "<group>"; };
		CF423A4C18AA0823000A1637 /* gift_3@2x.png */ = {isa = PBXFileReference; lastKnownFileType = image.png; path = "gift_3@2x.png"; sourceTree = "<group>"; };
		CF423A4D18AA0823000A1637 /* gift_4@2x.png */ = {isa = PBXFileReference; lastKnownFileType = image.png; path = "gift_4@2x.png"; sourceTree = "<group>"; };
		CF423A4E18AA0823000A1637 /* gift_arrow@2x.png */ = {isa = PBXFileReference; lastKnownFileType = image.png; path = "gift_arrow@2x.png"; sourceTree = "<group>"; };
		CF423A4F18AA0823000A1637 /* gift_detail@2x.png */ = {isa = PBXFileReference; lastKnownFileType = image.png; path = "gift_detail@2x.png"; sourceTree = "<group>"; };
		CF423A5018AA0823000A1637 /* gift_point_detail@2x.png */ = {isa = PBXFileReference; lastKnownFileType = image.png; path = "gift_point_detail@2x.png"; sourceTree = "<group>"; };
		CF423A5118AA0823000A1637 /* gift_point@2x.png */ = {isa = PBXFileReference; lastKnownFileType = image.png; path = "gift_point@2x.png"; sourceTree = "<group>"; };
		CF423A5218AA0823000A1637 /* gift@2x.png */ = {isa = PBXFileReference; lastKnownFileType = image.png; path = "gift@2x.png"; sourceTree = "<group>"; };
		CF423A5318AA0823000A1637 /* green@2x.png */ = {isa = PBXFileReference; lastKnownFileType = image.png; path = "green@2x.png"; sourceTree = "<group>"; };
		CF423A5418AA0823000A1637 /* help@2x.png */ = {isa = PBXFileReference; lastKnownFileType = image.png; path = "help@2x.png"; sourceTree = "<group>"; };
		CF423A5518AA0824000A1637 /* index_1@2x.png */ = {isa = PBXFileReference; lastKnownFileType = image.png; path = "index_1@2x.png"; sourceTree = "<group>"; };
		CF423A5618AA0824000A1637 /* index_ad@2x.png */ = {isa = PBXFileReference; lastKnownFileType = image.png; path = "index_ad@2x.png"; sourceTree = "<group>"; };
		CF423A5718AA0824000A1637 /* index@2x.png */ = {isa = PBXFileReference; lastKnownFileType = image.png; path = "index@2x.png"; sourceTree = "<group>"; };
		CF423A5818AA0824000A1637 /* level1_bg@2x.png */ = {isa = PBXFileReference; lastKnownFileType = image.png; path = "level1_bg@2x.png"; sourceTree = "<group>"; };
		CF423A5918AA0824000A1637 /* login1@2x.png */ = {isa = PBXFileReference; lastKnownFileType = image.png; path = "login1@2x.png"; sourceTree = "<group>"; };
		CF423A5A18AA0824000A1637 /* logo@2x.png */ = {isa = PBXFileReference; lastKnownFileType = image.png; path = "logo@2x.png"; sourceTree = "<group>"; };
		CF423A5B18AA0824000A1637 /* news_ad@2x.png */ = {isa = PBXFileReference; lastKnownFileType = image.png; path = "news_ad@2x.png"; sourceTree = "<group>"; };
		CF423A5C18AA0824000A1637 /* news_content_1@2x.png */ = {isa = PBXFileReference; lastKnownFileType = image.png; path = "news_content_1@2x.png"; sourceTree = "<group>"; };
		CF423A5D18AA0824000A1637 /* news_content@2x.png */ = {isa = PBXFileReference; lastKnownFileType = image.png; path = "news_content@2x.png"; sourceTree = "<group>"; };
		CF423A5E18AA0824000A1637 /* news_titel@2x.png */ = {isa = PBXFileReference; lastKnownFileType = image.png; path = "news_titel@2x.png"; sourceTree = "<group>"; };
		CF423A5F18AA0824000A1637 /* org@2x.png */ = {isa = PBXFileReference; lastKnownFileType = image.png; path = "org@2x.png"; sourceTree = "<group>"; };
		CF423A6018AA0824000A1637 /* pink_1@2x.png */ = {isa = PBXFileReference; lastKnownFileType = image.png; path = "pink_1@2x.png"; sourceTree = "<group>"; };
		CF423A6118AA0824000A1637 /* pink@2x.png */ = {isa = PBXFileReference; lastKnownFileType = image.png; path = "pink@2x.png"; sourceTree = "<group>"; };
		CF423A6218AA0824000A1637 /* qq@2x.png */ = {isa = PBXFileReference; lastKnownFileType = image.png; path = "qq@2x.png"; sourceTree = "<group>"; };
		CF423A6318AA0824000A1637 /* regist@2x.png */ = {isa = PBXFileReference; lastKnownFileType = image.png; path = "regist@2x.png"; sourceTree = "<group>"; };
		CF423A6418AA0824000A1637 /* result_content@2x.png */ = {isa = PBXFileReference; lastKnownFileType = image.png; path = "result_content@2x.png"; sourceTree = "<group>"; };
		CF423A6518AA0824000A1637 /* s_arrow@2x.png */ = {isa = PBXFileReference; lastKnownFileType = image.png; path = "s_arrow@2x.png"; sourceTree = "<group>"; };
		CF423A6618AA0824000A1637 /* score@2x.png */ = {isa = PBXFileReference; lastKnownFileType = image.png; path = "score@2x.png"; sourceTree = "<group>"; };
		CF423A6718AA0824000A1637 /* share_gift@2x.png */ = {isa = PBXFileReference; lastKnownFileType = image.png; path = "share_gift@2x.png"; sourceTree = "<group>"; };
		CF423A6818AA0824000A1637 /* sina@2x.png */ = {isa = PBXFileReference; lastKnownFileType = image.png; path = "sina@2x.png"; sourceTree = "<group>"; };
		CF423A6918AA0824000A1637 /* step@2x.png */ = {isa = PBXFileReference; lastKnownFileType = image.png; path = "step@2x.png"; sourceTree = "<group>"; };
		CF423A6A18AA0824000A1637 /* submit@2x.png */ = {isa = PBXFileReference; lastKnownFileType = image.png; path = "submit@2x.png"; sourceTree = "<group>"; };
		CF423A6B18AA0824000A1637 /* wexin@2x.png */ = {isa = PBXFileReference; lastKnownFileType = image.png; path = "wexin@2x.png"; sourceTree = "<group>"; };
		CF423A9818AA0AD0000A1637 /* UIImage+Resize.h */ = {isa = PBXFileReference; fileEncoding = 4; lastKnownFileType = sourcecode.c.h; path = "UIImage+Resize.h"; sourceTree = "<group>"; };
		CF423A9918AA0AD0000A1637 /* UIImage+Resize.m */ = {isa = PBXFileReference; fileEncoding = 4; lastKnownFileType = sourcecode.c.objc; path = "UIImage+Resize.m"; sourceTree = "<group>"; };
		CF423A9B18AA2D96000A1637 /* RollingViewController.h */ = {isa = PBXFileReference; fileEncoding = 4; lastKnownFileType = sourcecode.c.h; path = RollingViewController.h; sourceTree = "<group>"; };
		CF423A9C18AA2D96000A1637 /* RollingViewController.m */ = {isa = PBXFileReference; fileEncoding = 4; lastKnownFileType = sourcecode.c.objc; path = RollingViewController.m; sourceTree = "<group>"; };
		CF423A9D18AA2D96000A1637 /* RollingViewController.xib */ = {isa = PBXFileReference; fileEncoding = 4; lastKnownFileType = file.xib; path = RollingViewController.xib; sourceTree = "<group>"; };
		CF853DFB18AA450100AA4683 /* CustomIOS7AlertView.h */ = {isa = PBXFileReference; fileEncoding = 4; lastKnownFileType = sourcecode.c.h; path = CustomIOS7AlertView.h; sourceTree = "<group>"; };
		CF853DFC18AA450100AA4683 /* CustomIOS7AlertView.m */ = {isa = PBXFileReference; fileEncoding = 4; lastKnownFileType = sourcecode.c.objc; path = CustomIOS7AlertView.m; sourceTree = "<group>"; };
		CF853DFE18AB103A00AA4683 /* DialogForBlock.xib */ = {isa = PBXFileReference; fileEncoding = 4; lastKnownFileType = file.xib; path = DialogForBlock.xib; sourceTree = "<group>"; };
		CF853E0018AB133C00AA4683 /* DialogForBlock.h */ = {isa = PBXFileReference; fileEncoding = 4; lastKnownFileType = sourcecode.c.h; path = DialogForBlock.h; sourceTree = "<group>"; };
		CF853E0118AB133C00AA4683 /* DialogForBlock.m */ = {isa = PBXFileReference; fileEncoding = 4; lastKnownFileType = sourcecode.c.objc; path = DialogForBlock.m; sourceTree = "<group>"; };
		CF853E0318AB58B900AA4683 /* DialogForLastBlock.h */ = {isa = PBXFileReference; fileEncoding = 4; lastKnownFileType = sourcecode.c.h; path = DialogForLastBlock.h; sourceTree = "<group>"; };
		CF853E0418AB58B900AA4683 /* DialogForLastBlock.m */ = {isa = PBXFileReference; fileEncoding = 4; lastKnownFileType = sourcecode.c.objc; path = DialogForLastBlock.m; sourceTree = "<group>"; };
		CF853E0618AB58ED00AA4683 /* DialogForLastBlock.xib */ = {isa = PBXFileReference; fileEncoding = 4; lastKnownFileType = file.xib; path = DialogForLastBlock.xib; sourceTree = "<group>"; };
		CFCFE3D818AB656A009C8EB9 /* AWActionSheet.h */ = {isa = PBXFileReference; fileEncoding = 4; lastKnownFileType = sourcecode.c.h; path = AWActionSheet.h; sourceTree = "<group>"; };
		CFCFE3D918AB656A009C8EB9 /* AWActionSheet.m */ = {isa = PBXFileReference; fileEncoding = 4; lastKnownFileType = sourcecode.c.objc; path = AWActionSheet.m; sourceTree = "<group>"; };
		CFCFE3DD18AB69C3009C8EB9 /* libWeChatSDK.a */ = {isa = PBXFileReference; lastKnownFileType = archive.ar; path = libWeChatSDK.a; sourceTree = "<group>"; };
		CFCFE3DE18AB69C3009C8EB9 /* WXApi.h */ = {isa = PBXFileReference; fileEncoding = 4; lastKnownFileType = sourcecode.c.h; path = WXApi.h; sourceTree = "<group>"; };
		CFCFE3DF18AB69C3009C8EB9 /* WXApiObject.h */ = {isa = PBXFileReference; fileEncoding = 4; lastKnownFileType = sourcecode.c.h; path = WXApiObject.h; sourceTree = "<group>"; };
		CFCFE3E118AB8684009C8EB9 /* GameSelectViewController.xib */ = {isa = PBXFileReference; fileEncoding = 4; lastKnownFileType = file.xib; path = GameSelectViewController.xib; sourceTree = "<group>"; };
		CFCFE3E318AB970D009C8EB9 /* Default-568h@2x.png */ = {isa = PBXFileReference; lastKnownFileType = image.png; path = "Default-568h@2x.png"; sourceTree = "<group>"; };
		CFCFE3E518AB970D009C8EB9 /* Default@2x.png */ = {isa = PBXFileReference; lastKnownFileType = image.png; path = "Default@2x.png"; sourceTree = "<group>"; };
		CFCFE3E918AB9CA0009C8EB9 /* CustomPageControl.h */ = {isa = PBXFileReference; fileEncoding = 4; lastKnownFileType = sourcecode.c.h; path = CustomPageControl.h; sourceTree = "<group>"; };
		CFCFE3EA18AB9CA0009C8EB9 /* CustomPageControl.m */ = {isa = PBXFileReference; fileEncoding = 4; lastKnownFileType = sourcecode.c.objc; path = CustomPageControl.m; sourceTree = "<group>"; };
/* End PBXFileReference section */

/* Begin PBXFrameworksBuildPhase section */
		4A1B3F761897B45C00E36064 /* Frameworks */ = {
			isa = PBXFrameworksBuildPhase;
			buildActionMask = 2147483647;
			files = (
				4A1B3F7F1897B45C00E36064 /* CoreGraphics.framework in Frameworks */,
				4A1B3F811897B45C00E36064 /* UIKit.framework in Frameworks */,
				CFCFE3E018AB69C3009C8EB9 /* libWeChatSDK.a in Frameworks */,
				4A1B3F7D1897B45C00E36064 /* Foundation.framework in Frameworks */,
			);
			runOnlyForDeploymentPostprocessing = 0;
		};
		4A1B3F911897B45C00E36064 /* Frameworks */ = {
			isa = PBXFrameworksBuildPhase;
			buildActionMask = 2147483647;
			files = (
				4A1B3F961897B45C00E36064 /* XCTest.framework in Frameworks */,
				4A1B3F981897B45C00E36064 /* UIKit.framework in Frameworks */,
				4A1B3F971897B45C00E36064 /* Foundation.framework in Frameworks */,
			);
			runOnlyForDeploymentPostprocessing = 0;
		};
/* End PBXFrameworksBuildPhase section */

/* Begin PBXGroup section */
		4A1B3F701897B45B00E36064 = {
			isa = PBXGroup;
			children = (
				CFCFE3DB18AB69C3009C8EB9 /* Social */,
				CFCFE3D818AB656A009C8EB9 /* AWActionSheet.h */,
				CFCFE3D918AB656A009C8EB9 /* AWActionSheet.m */,
				CF853DFB18AA450100AA4683 /* CustomIOS7AlertView.h */,
				CF853DFC18AA450100AA4683 /* CustomIOS7AlertView.m */,
				4AFE5ED5189A56BC0059AD68 /* Resource */,
				4A1B3FAE1897C95D00E36064 /* HomeTabBarController.h */,
				CF423A9818AA0AD0000A1637 /* UIImage+Resize.h */,
				CF423A9918AA0AD0000A1637 /* UIImage+Resize.m */,
				4A1B3FAF1897C95D00E36064 /* HomeTabBarController.m */,
				4A1B3FB01897C95D00E36064 /* HomeTabBarController.xib */,
				4A0172B518994A9D00AA4B13 /* CustomTabViewController.h */,
				4A0172B618994A9D00AA4B13 /* CustomTabViewController.m */,
				4A6AE495189D19F400E96E80 /* SettingViewController.h */,
				4A6AE496189D19F400E96E80 /* SettingViewController.m */,
				4A6AE498189D200400E96E80 /* NewsViewController.h */,
				4A6AE499189D200400E96E80 /* NewsViewController.m */,
				4A1B3FB31897D92700E36064 /* UserViewController.h */,
				4A1B3FB41897D92700E36064 /* UserViewController.m */,
				4A1B3FB51897D92700E36064 /* UserViewController.xib */,
				4AFE5ED8189A58E80059AD68 /* CustomAlertView.h */,
				4AFE5ED9189A58E80059AD68 /* CustomAlertView.m */,
				4AFE5EEF189B84150059AD68 /* QuestionChoiceCell.h */,
				4AFE5EF0189B84150059AD68 /* QuestionChoiceCell.m */,
				4AFE5EED189B82760059AD68 /* QuestionChoiceCell.xib */,
				4AFE5ED0189A4CE10059AD68 /* GamePlayingViewController.h */,
				4AFE5ED1189A4CE10059AD68 /* GamePlayingViewController.m */,
				4AFE5ED2189A4CE10059AD68 /* GamePlayingViewController.xib */,
				CF4239D518A8CFE5000A1637 /* GameSelectingButton.h */,
				CF4239D618A8CFE6000A1637 /* GameSelectingButton.m */,
				CF4239D818A8D005000A1637 /* GameSelectingButton.xib */,
				4A1B3FB81897DAAB00E36064 /* GameSelectViewController.h */,
				4A1B3FB91897DAAB00E36064 /* GameSelectViewController.m */,
				CFCFE3E118AB8684009C8EB9 /* GameSelectViewController.xib */,
				4AFE5EC6189A18140059AD68 /* CustomGameSelectCell.h */,
				4AFE5EC7189A18140059AD68 /* CustomGameSelectCell.m */,
				4AFE5ECB189A1A3F0059AD68 /* CustomGameSelectCell.xib */,
				CF423A9B18AA2D96000A1637 /* RollingViewController.h */,
				CF423A9C18AA2D96000A1637 /* RollingViewController.m */,
				CF423A9D18AA2D96000A1637 /* RollingViewController.xib */,
				4AFE5EDB189A82F40059AD68 /* DataManager.h */,
				4AFE5EDC189A82F40059AD68 /* DataManager.m */,
				4A2AD827189E7C16004A3A56 /* SocialShareView.h */,
				4A2AD828189E7C16004A3A56 /* SocialShareView.m */,
				4A2AD82A189E7C95004A3A56 /* SocialShareView.xib */,
				4A2AD82C189E83A0004A3A56 /* ShareTextView.h */,
				4A2AD82D189E83A0004A3A56 /* ShareTextView.m */,
				CF853E0018AB133C00AA4683 /* DialogForBlock.h */,
				CF853E0118AB133C00AA4683 /* DialogForBlock.m */,
				CF853DFE18AB103A00AA4683 /* DialogForBlock.xib */,
				CF853E0318AB58B900AA4683 /* DialogForLastBlock.h */,
				CF853E0418AB58B900AA4683 /* DialogForLastBlock.m */,
				CF853E0618AB58ED00AA4683 /* DialogForLastBlock.xib */,
				CFCFE3E918AB9CA0009C8EB9 /* CustomPageControl.h */,
				CFCFE3EA18AB9CA0009C8EB9 /* CustomPageControl.m */,
				4A1B3F821897B45C00E36064 /* iHanzi */,
				4A1B3F9B1897B45C00E36064 /* iHanziTests */,
				4A1B3F7B1897B45C00E36064 /* Frameworks */,
				4A1B3F7A1897B45C00E36064 /* Products */,
			);
			sourceTree = "<group>";
		};
		4A1B3F7A1897B45C00E36064 /* Products */ = {
			isa = PBXGroup;
			children = (
				4A1B3F791897B45C00E36064 /* iHanzi.app */,
				4A1B3F941897B45C00E36064 /* iHanziTests.xctest */,
			);
			name = Products;
			sourceTree = "<group>";
		};
		4A1B3F7B1897B45C00E36064 /* Frameworks */ = {
			isa = PBXGroup;
			children = (
				4A1B3F7C1897B45C00E36064 /* Foundation.framework */,
				4A1B3F7E1897B45C00E36064 /* CoreGraphics.framework */,
				4A1B3F801897B45C00E36064 /* UIKit.framework */,
				4A1B3F951897B45C00E36064 /* XCTest.framework */,
			);
			name = Frameworks;
			sourceTree = "<group>";
		};
		4A1B3F821897B45C00E36064 /* iHanzi */ = {
			isa = PBXGroup;
			children = (
				4A1B3F8B1897B45C00E36064 /* AppDelegate.h */,
				4A1B3F8C1897B45C00E36064 /* AppDelegate.m */,
				4A1B3F8E1897B45C00E36064 /* Images.xcassets */,
				4A1B3F831897B45C00E36064 /* Supporting Files */,
			);
			path = iHanzi;
			sourceTree = "<group>";
		};
		4A1B3F831897B45C00E36064 /* Supporting Files */ = {
			isa = PBXGroup;
			children = (
				4A1B3F841897B45C00E36064 /* iHanzi-Info.plist */,
				4A1B3F851897B45C00E36064 /* InfoPlist.strings */,
				4A1B3F881897B45C00E36064 /* main.m */,
				4A1B3F8A1897B45C00E36064 /* iHanzi-Prefix.pch */,
			);
			name = "Supporting Files";
			sourceTree = "<group>";
		};
		4A1B3F9B1897B45C00E36064 /* iHanziTests */ = {
			isa = PBXGroup;
			children = (
				4A1B3FA11897B45C00E36064 /* iHanziTests.m */,
				4A1B3F9C1897B45C00E36064 /* Supporting Files */,
			);
			path = iHanziTests;
			sourceTree = "<group>";
		};
		4A1B3F9C1897B45C00E36064 /* Supporting Files */ = {
			isa = PBXGroup;
			children = (
				4A1B3F9D1897B45C00E36064 /* iHanziTests-Info.plist */,
				4A1B3F9E1897B45C00E36064 /* InfoPlist.strings */,
			);
			name = "Supporting Files";
			sourceTree = "<group>";
		};
		4AFE5ED5189A56BC0059AD68 /* Resource */ = {
			isa = PBXGroup;
			children = (
				CFCFE3E318AB970D009C8EB9 /* Default-568h@2x.png */,
				CFCFE3E518AB970D009C8EB9 /* Default@2x.png */,
				CF423A4018AA0823000A1637 /* all_leve_seled@2x.png */,
				CF423A4118AA0823000A1637 /* all_leve_unseled@2x.png */,
				CF423A4218AA0823000A1637 /* all_leve@2x.png */,
				CF423A4318AA0823000A1637 /* bottom@2x.png */,
				CF423A4418AA0823000A1637 /* btn_2@2x.png */,
				CF423A4518AA0823000A1637 /* btn_3@2x.png */,
				CF423A4618AA0823000A1637 /* btn@2x.png */,
				CF423A4718AA0823000A1637 /* friend@2x.png */,
				CF423A4818AA0823000A1637 /* game@2x.png */,
				CF423A4918AA0823000A1637 /* get_gift@2x.png */,
				CF423A4A18AA0823000A1637 /* gift_1@2x.png */,
				CF423A4B18AA0823000A1637 /* gift_2@2x.png */,
				CF423A4C18AA0823000A1637 /* gift_3@2x.png */,
				CF423A4D18AA0823000A1637 /* gift_4@2x.png */,
				CF423A4E18AA0823000A1637 /* gift_arrow@2x.png */,
				CF423A4F18AA0823000A1637 /* gift_detail@2x.png */,
				CF423A5018AA0823000A1637 /* gift_point_detail@2x.png */,
				CF423A5118AA0823000A1637 /* gift_point@2x.png */,
				CF423A5218AA0823000A1637 /* gift@2x.png */,
				CF423A5318AA0823000A1637 /* green@2x.png */,
				CF423A5418AA0823000A1637 /* help@2x.png */,
				CF423A5518AA0824000A1637 /* index_1@2x.png */,
				CF423A5618AA0824000A1637 /* index_ad@2x.png */,
				CF423A5718AA0824000A1637 /* index@2x.png */,
				CF423A5818AA0824000A1637 /* level1_bg@2x.png */,
				CF423A5918AA0824000A1637 /* login1@2x.png */,
				CF423A5A18AA0824000A1637 /* logo@2x.png */,
				CF423A5B18AA0824000A1637 /* news_ad@2x.png */,
				CF423A5C18AA0824000A1637 /* news_content_1@2x.png */,
				CF423A5D18AA0824000A1637 /* news_content@2x.png */,
				CF423A5E18AA0824000A1637 /* news_titel@2x.png */,
				CF423A5F18AA0824000A1637 /* org@2x.png */,
				CF423A6018AA0824000A1637 /* pink_1@2x.png */,
				CF423A6118AA0824000A1637 /* pink@2x.png */,
				CF423A6218AA0824000A1637 /* qq@2x.png */,
				CF423A6318AA0824000A1637 /* regist@2x.png */,
				CF423A6418AA0824000A1637 /* result_content@2x.png */,
				CF423A6518AA0824000A1637 /* s_arrow@2x.png */,
				CF423A6618AA0824000A1637 /* score@2x.png */,
				CF423A6718AA0824000A1637 /* share_gift@2x.png */,
				CF423A6818AA0824000A1637 /* sina@2x.png */,
				CF423A6918AA0824000A1637 /* step@2x.png */,
				CF423A6A18AA0824000A1637 /* submit@2x.png */,
				CF423A6B18AA0824000A1637 /* wexin@2x.png */,
				CF4239DA18A8F230000A1637 /* bg1@2x.jpg */,
				CF4239DB18A8F230000A1637 /* bg2@2x.jpg */,
				CF4239DC18A8F230000A1637 /* bg3.jpg */,
				CF4239DD18A8F230000A1637 /* bg4.jpg */,
				CF42398618A8B5F0000A1637 /* gift_click@2x.png */,
				CF42398718A8B5F0000A1637 /* gift_normal@2x.png */,
				CF42398818A8B5F0000A1637 /* gray_star@2x.png */,
				CF42398918A8B5F0000A1637 /* home@2x.png */,
				CF42398A18A8B5F0000A1637 /* login_click@2x.png */,
				CF42398B18A8B5F0000A1637 /* login_normal@2x.png */,
				CF42398C18A8B5F0000A1637 /* nest_normal@2x.png */,
				CF42398D18A8B5F0000A1637 /* next_click@2x.png */,
				CF42398E18A8B5F0000A1637 /* num@2x.png */,
				CF42398F18A8B5F0000A1637 /* ok@2x.png */,
				CF42399018A8B5F0000A1637 /* question@2x.png */,
				CF42399118A8B5F0000A1637 /* regist_click@2x.png */,
				CF42399218A8B5F0000A1637 /* regist_normal@2x.png */,
				CF42399318A8B5F0000A1637 /* result@2x.png */,
				CF42399418A8B5F0000A1637 /* title@2x.png */,
				CF42399518A8B5F0000A1637 /* ui-btn@2x.png */,
				CF42399618A8B5F0000A1637 /* unclock@2x.png */,
				CF42399718A8B5F0000A1637 /* user@2x.png */,
				CF42399818A8B5F0000A1637 /* 我爱汉字美_第一关结束总结@2x.jpg */,
				CF42399918A8B5F0000A1637 /* arrow_left@2x.png */,
				CF42399A18A8B5F0000A1637 /* back_hover@2x.png */,
				CF42399B18A8B5F0000A1637 /* back@2x.png */,
				CF42399C18A8B5F0000A1637 /* btn_click_star_light@2x.png */,
				CF42399D18A8B5F0000A1637 /* btn_click_star@2x.png */,
				CF42399E18A8B5F0000A1637 /* btn_click@2x.png */,
				CF42399F18A8B5F0000A1637 /* btn_erro@2x.png */,
				CF4239A018A8B5F0000A1637 /* btn_normal@2x.png */,
				CF4239A118A8B5F0000A1637 /* btn_ok@2x.png */,
				CF4239A218A8B5F0000A1637 /* clock@2x.png */,
				CF4239A318A8B5F0000A1637 /* content@2x.png */,
				CF4239A418A8B5F0000A1637 /* copy_click@2x.png */,
				CF4239A518A8B5F0000A1637 /* copy_normail@2x.png */,
				CF4239A618A8B5F0000A1637 /* cut@2x.png */,
				CF4239A718A8B5F0000A1637 /* error@2x.png */,
				CF4239A818A8B5F0000A1637 /* fail@2x.png */,
				4AFE5EE1189B81400059AD68 /* button_box.png */,
				4AFE5EE2189B81400059AD68 /* button_check.png */,
				4AFE5EE3189B81400059AD68 /* letter_a.png */,
				4AFE5EE4189B81400059AD68 /* letter_b.png */,
				4AFE5EE5189B81400059AD68 /* letter_c.png */,
				4AFE5EE6189B81400059AD68 /* letter_d.png */,
				4AFE5ED6189A56BC0059AD68 /* star.jpeg */,
				4A2C9CD0189BD72C00CD188D /* TiKu.plist */,
			);
			path = Resource;
			sourceTree = "<group>";
		};
		CFCFE3DB18AB69C3009C8EB9 /* Social */ = {
			isa = PBXGroup;
			children = (
				CFCFE3DC18AB69C3009C8EB9 /* WeChat */,
			);
			path = Social;
			sourceTree = "<group>";
		};
		CFCFE3DC18AB69C3009C8EB9 /* WeChat */ = {
			isa = PBXGroup;
			children = (
				CFCFE3DD18AB69C3009C8EB9 /* libWeChatSDK.a */,
				CFCFE3DE18AB69C3009C8EB9 /* WXApi.h */,
				CFCFE3DF18AB69C3009C8EB9 /* WXApiObject.h */,
			);
			path = WeChat;
			sourceTree = "<group>";
		};
/* End PBXGroup section */

/* Begin PBXNativeTarget section */
		4A1B3F781897B45C00E36064 /* iHanzi */ = {
			isa = PBXNativeTarget;
			buildConfigurationList = 4A1B3FA51897B45C00E36064 /* Build configuration list for PBXNativeTarget "iHanzi" */;
			buildPhases = (
				4A1B3F751897B45C00E36064 /* Sources */,
				4A1B3F761897B45C00E36064 /* Frameworks */,
				4A1B3F771897B45C00E36064 /* Resources */,
			);
			buildRules = (
			);
			dependencies = (
			);
			name = iHanzi;
			productName = iHanzi;
			productReference = 4A1B3F791897B45C00E36064 /* iHanzi.app */;
			productType = "com.apple.product-type.application";
		};
		4A1B3F931897B45C00E36064 /* iHanziTests */ = {
			isa = PBXNativeTarget;
			buildConfigurationList = 4A1B3FA81897B45C00E36064 /* Build configuration list for PBXNativeTarget "iHanziTests" */;
			buildPhases = (
				4A1B3F901897B45C00E36064 /* Sources */,
				4A1B3F911897B45C00E36064 /* Frameworks */,
				4A1B3F921897B45C00E36064 /* Resources */,
			);
			buildRules = (
			);
			dependencies = (
				4A1B3F9A1897B45C00E36064 /* PBXTargetDependency */,
			);
			name = iHanziTests;
			productName = iHanziTests;
			productReference = 4A1B3F941897B45C00E36064 /* iHanziTests.xctest */;
			productType = "com.apple.product-type.bundle.unit-test";
		};
/* End PBXNativeTarget section */

/* Begin PBXProject section */
		4A1B3F711897B45B00E36064 /* Project object */ = {
			isa = PBXProject;
			attributes = {
				LastUpgradeCheck = 0500;
				ORGANIZATIONNAME = Zhongwei;
				TargetAttributes = {
					4A1B3F931897B45C00E36064 = {
						TestTargetID = 4A1B3F781897B45C00E36064;
					};
				};
			};
			buildConfigurationList = 4A1B3F741897B45B00E36064 /* Build configuration list for PBXProject "iHanzi" */;
			compatibilityVersion = "Xcode 3.2";
			developmentRegion = English;
			hasScannedForEncodings = 0;
			knownRegions = (
				en,
			);
			mainGroup = 4A1B3F701897B45B00E36064;
			productRefGroup = 4A1B3F7A1897B45C00E36064 /* Products */;
			projectDirPath = "";
			projectRoot = "";
			targets = (
				4A1B3F781897B45C00E36064 /* iHanzi */,
				4A1B3F931897B45C00E36064 /* iHanziTests */,
			);
		};
/* End PBXProject section */

/* Begin PBXResourcesBuildPhase section */
		4A1B3F771897B45C00E36064 /* Resources */ = {
			isa = PBXResourcesBuildPhase;
			buildActionMask = 2147483647;
			files = (
				4AFE5EEE189B82760059AD68 /* QuestionChoiceCell.xib in Resources */,
				CF423A8018AA0824000A1637 /* help@2x.png in Resources */,
				CF4239B618A8B5F0000A1637 /* result@2x.png in Resources */,
				CF423A7A18AA0824000A1637 /* gift_arrow@2x.png in Resources */,
				CF4239A918A8B5F0000A1637 /* gift_click@2x.png in Resources */,
				CF423A7318AA0824000A1637 /* friend@2x.png in Resources */,
				CF4239B218A8B5F0000A1637 /* ok@2x.png in Resources */,
				CF423A7918AA0824000A1637 /* gift_4@2x.png in Resources */,
				CF423A7418AA0824000A1637 /* game@2x.png in Resources */,
				CF853E0718AB58ED00AA4683 /* DialogForLastBlock.xib in Resources */,
				CF4239C018A8B5F0000A1637 /* btn_click_star@2x.png in Resources */,
				CF423A7E18AA0824000A1637 /* gift@2x.png in Resources */,
				CF4239B418A8B5F0000A1637 /* regist_click@2x.png in Resources */,
				4A1B3FB21897C95D00E36064 /* HomeTabBarController.xib in Resources */,
				CF4239C418A8B5F0000A1637 /* btn_ok@2x.png in Resources */,
				CF4239AA18A8B5F0000A1637 /* gift_normal@2x.png in Resources */,
				CF4239E118A8F230000A1637 /* bg4.jpg in Resources */,
				CF4239BC18A8B5F0000A1637 /* arrow_left@2x.png in Resources */,
				CF4239C218A8B5F0000A1637 /* btn_erro@2x.png in Resources */,
				CF423A7718AA0824000A1637 /* gift_2@2x.png in Resources */,
				CF4239CB18A8B5F0000A1637 /* fail@2x.png in Resources */,
				4A1B3FB71897D92700E36064 /* UserViewController.xib in Resources */,
				CF423A6F18AA0824000A1637 /* bottom@2x.png in Resources */,
				CF423A8F18AA0824000A1637 /* regist@2x.png in Resources */,
				CF423A8618AA0824000A1637 /* logo@2x.png in Resources */,
				CF4239C818A8B5F0000A1637 /* copy_normail@2x.png in Resources */,
				CF4239AE18A8B5F0000A1637 /* login_normal@2x.png in Resources */,
				CF423A8518AA0824000A1637 /* login1@2x.png in Resources */,
				CF423A7518AA0824000A1637 /* get_gift@2x.png in Resources */,
				CF423A8A18AA0824000A1637 /* news_titel@2x.png in Resources */,
				CF423A8D18AA0824000A1637 /* pink@2x.png in Resources */,
				CF423A8118AA0824000A1637 /* index_1@2x.png in Resources */,
				CF4239AC18A8B5F0000A1637 /* home@2x.png in Resources */,
				CF423A7218AA0824000A1637 /* btn@2x.png in Resources */,
				CFCFE3E218AB8684009C8EB9 /* GameSelectViewController.xib in Resources */,
				4AFE5EEA189B81400059AD68 /* letter_b.png in Resources */,
				CF4239C518A8B5F0000A1637 /* clock@2x.png in Resources */,
				4A2C9CD1189BD72C00CD188D /* TiKu.plist in Resources */,
				CF423A8218AA0824000A1637 /* index_ad@2x.png in Resources */,
				4AFE5EEC189B81400059AD68 /* letter_d.png in Resources */,
				CF4239C618A8B5F0000A1637 /* content@2x.png in Resources */,
				4A1B3F871897B45C00E36064 /* InfoPlist.strings in Resources */,
				CF4239B318A8B5F0000A1637 /* question@2x.png in Resources */,
				4AFE5ECC189A1A3F0059AD68 /* CustomGameSelectCell.xib in Resources */,
				CF423A9018AA0824000A1637 /* result_content@2x.png in Resources */,
				4AFE5EEB189B81400059AD68 /* letter_c.png in Resources */,
				CF4239B118A8B5F0000A1637 /* num@2x.png in Resources */,
				CF4239BE18A8B5F0000A1637 /* back@2x.png in Resources */,
				CF4239C318A8B5F0000A1637 /* btn_normal@2x.png in Resources */,
				CF423A6C18AA0824000A1637 /* all_leve_seled@2x.png in Resources */,
				CF423A9318AA0824000A1637 /* share_gift@2x.png in Resources */,
				CF4239AF18A8B5F0000A1637 /* nest_normal@2x.png in Resources */,
				CF4239DF18A8F230000A1637 /* bg2@2x.jpg in Resources */,
				CF423A9718AA0824000A1637 /* wexin@2x.png in Resources */,
				CF423A9118AA0824000A1637 /* s_arrow@2x.png in Resources */,
				CF423A8318AA0824000A1637 /* index@2x.png in Resources */,
				CF423A8418AA0824000A1637 /* level1_bg@2x.png in Resources */,
				CF423A9F18AA2D96000A1637 /* RollingViewController.xib in Resources */,
				4A1B3F8F1897B45C00E36064 /* Images.xcassets in Resources */,
				4AFE5EE7189B81400059AD68 /* button_box.png in Resources */,
				CF4239DE18A8F230000A1637 /* bg1@2x.jpg in Resources */,
				CF4239BD18A8B5F0000A1637 /* back_hover@2x.png in Resources */,
				CF423A9418AA0824000A1637 /* sina@2x.png in Resources */,
				CF4239C718A8B5F0000A1637 /* copy_click@2x.png in Resources */,
				CF853DFF18AB103A00AA4683 /* DialogForBlock.xib in Resources */,
				CF4239B518A8B5F0000A1637 /* regist_normal@2x.png in Resources */,
				CF423A7F18AA0824000A1637 /* green@2x.png in Resources */,
				CF4239B918A8B5F0000A1637 /* unclock@2x.png in Resources */,
				CF423A6D18AA0824000A1637 /* all_leve_unseled@2x.png in Resources */,
				CF4239BA18A8B5F0000A1637 /* user@2x.png in Resources */,
				CF423A7618AA0824000A1637 /* gift_1@2x.png in Resources */,
				CF4239AB18A8B5F0000A1637 /* gray_star@2x.png in Resources */,
				4AFE5ED4189A4CE10059AD68 /* GamePlayingViewController.xib in Resources */,
				CF423A6E18AA0824000A1637 /* all_leve@2x.png in Resources */,
				CF423A7818AA0824000A1637 /* gift_3@2x.png in Resources */,
				CF423A8E18AA0824000A1637 /* qq@2x.png in Resources */,
				CF423A9518AA0824000A1637 /* step@2x.png in Resources */,
				CF4239B018A8B5F0000A1637 /* next_click@2x.png in Resources */,
				CF423A9218AA0824000A1637 /* score@2x.png in Resources */,
				CF423A7B18AA0824000A1637 /* gift_detail@2x.png in Resources */,
				CF423A8B18AA0824000A1637 /* org@2x.png in Resources */,
				CF4239C918A8B5F0000A1637 /* cut@2x.png in Resources */,
				CF423A7D18AA0824000A1637 /* gift_point@2x.png in Resources */,
				CF423A8C18AA0824000A1637 /* pink_1@2x.png in Resources */,
				CF423A9618AA0824000A1637 /* submit@2x.png in Resources */,
				CF4239B818A8B5F0000A1637 /* ui-btn@2x.png in Resources */,
				CFCFE3E618AB970D009C8EB9 /* Default-568h@2x.png in Resources */,
				CF423A8918AA0824000A1637 /* news_content@2x.png in Resources */,
				CF423A7118AA0824000A1637 /* btn_3@2x.png in Resources */,
				4AFE5EE9189B81400059AD68 /* letter_a.png in Resources */,
				CF423A8818AA0824000A1637 /* news_content_1@2x.png in Resources */,
				CF4239D918A8D005000A1637 /* GameSelectingButton.xib in Resources */,
				CF4239CA18A8B5F0000A1637 /* error@2x.png in Resources */,
				4A2AD82B189E7C95004A3A56 /* SocialShareView.xib in Resources */,
				CF4239AD18A8B5F0000A1637 /* login_click@2x.png in Resources */,
				CF4239BF18A8B5F0000A1637 /* btn_click_star_light@2x.png in Resources */,
				CFCFE3E818AB970D009C8EB9 /* Default@2x.png in Resources */,
				CF4239B718A8B5F0000A1637 /* title@2x.png in Resources */,
				CF4239BB18A8B5F0000A1637 /* 我爱汉字美_第一关结束总结@2x.jpg in Resources */,
				4AFE5EE8189B81400059AD68 /* button_check.png in Resources */,
				CF4239C118A8B5F0000A1637 /* btn_click@2x.png in Resources */,
				CF4239E018A8F230000A1637 /* bg3.jpg in Resources */,
				CF423A7018AA0824000A1637 /* btn_2@2x.png in Resources */,
				CF423A7C18AA0824000A1637 /* gift_point_detail@2x.png in Resources */,
				CF423A8718AA0824000A1637 /* news_ad@2x.png in Resources */,
				4AFE5ED7189A56BC0059AD68 /* star.jpeg in Resources */,
			);
			runOnlyForDeploymentPostprocessing = 0;
		};
		4A1B3F921897B45C00E36064 /* Resources */ = {
			isa = PBXResourcesBuildPhase;
			buildActionMask = 2147483647;
			files = (
				4A1B3FA01897B45C00E36064 /* InfoPlist.strings in Resources */,
			);
			runOnlyForDeploymentPostprocessing = 0;
		};
/* End PBXResourcesBuildPhase section */

/* Begin PBXSourcesBuildPhase section */
		4A1B3F751897B45C00E36064 /* Sources */ = {
			isa = PBXSourcesBuildPhase;
			buildActionMask = 2147483647;
			files = (
				CF423A9E18AA2D96000A1637 /* RollingViewController.m in Sources */,
				CFCFE3DA18AB656A009C8EB9 /* AWActionSheet.m in Sources */,
				4AFE5EC8189A18140059AD68 /* CustomGameSelectCell.m in Sources */,
				4AFE5EDD189A82F40059AD68 /* DataManager.m in Sources */,
				4A2AD82E189E83A0004A3A56 /* ShareTextView.m in Sources */,
				4AFE5EF1189B84150059AD68 /* QuestionChoiceCell.m in Sources */,
				CF4239D718A8CFE6000A1637 /* GameSelectingButton.m in Sources */,
				CF853DFD18AA450100AA4683 /* CustomIOS7AlertView.m in Sources */,
				4A1B3FB11897C95D00E36064 /* HomeTabBarController.m in Sources */,
				4A1B3FB61897D92700E36064 /* UserViewController.m in Sources */,
				CF853E0218AB133C00AA4683 /* DialogForBlock.m in Sources */,
				4A2AD829189E7C16004A3A56 /* SocialShareView.m in Sources */,
				4AFE5ED3189A4CE10059AD68 /* GamePlayingViewController.m in Sources */,
				4A6AE49A189D200400E96E80 /* NewsViewController.m in Sources */,
				4A1B3F8D1897B45C00E36064 /* AppDelegate.m in Sources */,
				4A1B3F891897B45C00E36064 /* main.m in Sources */,
				4AFE5EDA189A58E80059AD68 /* CustomAlertView.m in Sources */,
				4A1B3FBA1897DAAB00E36064 /* GameSelectViewController.m in Sources */,
				4A0172B718994A9D00AA4B13 /* CustomTabViewController.m in Sources */,
				CF853E0518AB58B900AA4683 /* DialogForLastBlock.m in Sources */,
				CFCFE3EB18AB9CA0009C8EB9 /* CustomPageControl.m in Sources */,
				CF423A9A18AA0AD0000A1637 /* UIImage+Resize.m in Sources */,
				4A6AE497189D19F400E96E80 /* SettingViewController.m in Sources */,
			);
			runOnlyForDeploymentPostprocessing = 0;
		};
		4A1B3F901897B45C00E36064 /* Sources */ = {
			isa = PBXSourcesBuildPhase;
			buildActionMask = 2147483647;
			files = (
				4A1B3FA21897B45C00E36064 /* iHanziTests.m in Sources */,
			);
			runOnlyForDeploymentPostprocessing = 0;
		};
/* End PBXSourcesBuildPhase section */

/* Begin PBXTargetDependency section */
		4A1B3F9A1897B45C00E36064 /* PBXTargetDependency */ = {
			isa = PBXTargetDependency;
			target = 4A1B3F781897B45C00E36064 /* iHanzi */;
			targetProxy = 4A1B3F991897B45C00E36064 /* PBXContainerItemProxy */;
		};
/* End PBXTargetDependency section */

/* Begin PBXVariantGroup section */
		4A1B3F851897B45C00E36064 /* InfoPlist.strings */ = {
			isa = PBXVariantGroup;
			children = (
				4A1B3F861897B45C00E36064 /* en */,
			);
			name = InfoPlist.strings;
			sourceTree = "<group>";
		};
		4A1B3F9E1897B45C00E36064 /* InfoPlist.strings */ = {
			isa = PBXVariantGroup;
			children = (
				4A1B3F9F1897B45C00E36064 /* en */,
			);
			name = InfoPlist.strings;
			sourceTree = "<group>";
		};
/* End PBXVariantGroup section */

/* Begin XCBuildConfiguration section */
		4A1B3FA31897B45C00E36064 /* Debug */ = {
			isa = XCBuildConfiguration;
			buildSettings = {
				ALWAYS_SEARCH_USER_PATHS = NO;
				ARCHS = "$(ARCHS_STANDARD_INCLUDING_64_BIT)";
				CLANG_CXX_LANGUAGE_STANDARD = "gnu++0x";
				CLANG_CXX_LIBRARY = "libc++";
				CLANG_ENABLE_MODULES = YES;
				CLANG_ENABLE_OBJC_ARC = YES;
				CLANG_WARN_BOOL_CONVERSION = YES;
				CLANG_WARN_CONSTANT_CONVERSION = YES;
				CLANG_WARN_DIRECT_OBJC_ISA_USAGE = YES_ERROR;
				CLANG_WARN_EMPTY_BODY = YES;
				CLANG_WARN_ENUM_CONVERSION = YES;
				CLANG_WARN_INT_CONVERSION = YES;
				CLANG_WARN_OBJC_ROOT_CLASS = YES_ERROR;
				CLANG_WARN__DUPLICATE_METHOD_MATCH = YES;
				"CODE_SIGN_IDENTITY[sdk=iphoneos*]" = "iPhone Developer";
				COPY_PHASE_STRIP = NO;
				GCC_C_LANGUAGE_STANDARD = gnu99;
				GCC_DYNAMIC_NO_PIC = NO;
				GCC_OPTIMIZATION_LEVEL = 0;
				GCC_PREPROCESSOR_DEFINITIONS = (
					"DEBUG=1",
					"$(inherited)",
				);
				GCC_SYMBOLS_PRIVATE_EXTERN = NO;
				GCC_WARN_64_TO_32_BIT_CONVERSION = YES;
				GCC_WARN_ABOUT_RETURN_TYPE = YES_ERROR;
				GCC_WARN_UNDECLARED_SELECTOR = YES;
				GCC_WARN_UNINITIALIZED_AUTOS = YES;
				GCC_WARN_UNUSED_FUNCTION = YES;
				GCC_WARN_UNUSED_VARIABLE = YES;
				IPHONEOS_DEPLOYMENT_TARGET = 5.0;
				ONLY_ACTIVE_ARCH = YES;
				SDKROOT = iphoneos;
				TARGETED_DEVICE_FAMILY = "1,2";
			};
			name = Debug;
		};
		4A1B3FA41897B45C00E36064 /* Release */ = {
			isa = XCBuildConfiguration;
			buildSettings = {
				ALWAYS_SEARCH_USER_PATHS = NO;
				ARCHS = "$(ARCHS_STANDARD_INCLUDING_64_BIT)";
				CLANG_CXX_LANGUAGE_STANDARD = "gnu++0x";
				CLANG_CXX_LIBRARY = "libc++";
				CLANG_ENABLE_MODULES = YES;
				CLANG_ENABLE_OBJC_ARC = YES;
				CLANG_WARN_BOOL_CONVERSION = YES;
				CLANG_WARN_CONSTANT_CONVERSION = YES;
				CLANG_WARN_DIRECT_OBJC_ISA_USAGE = YES_ERROR;
				CLANG_WARN_EMPTY_BODY = YES;
				CLANG_WARN_ENUM_CONVERSION = YES;
				CLANG_WARN_INT_CONVERSION = YES;
				CLANG_WARN_OBJC_ROOT_CLASS = YES_ERROR;
				CLANG_WARN__DUPLICATE_METHOD_MATCH = YES;
				"CODE_SIGN_IDENTITY[sdk=iphoneos*]" = "iPhone Developer";
				COPY_PHASE_STRIP = YES;
				ENABLE_NS_ASSERTIONS = NO;
				GCC_C_LANGUAGE_STANDARD = gnu99;
				GCC_WARN_64_TO_32_BIT_CONVERSION = YES;
				GCC_WARN_ABOUT_RETURN_TYPE = YES_ERROR;
				GCC_WARN_UNDECLARED_SELECTOR = YES;
				GCC_WARN_UNINITIALIZED_AUTOS = YES;
				GCC_WARN_UNUSED_FUNCTION = YES;
				GCC_WARN_UNUSED_VARIABLE = YES;
				IPHONEOS_DEPLOYMENT_TARGET = 5.0;
				SDKROOT = iphoneos;
				TARGETED_DEVICE_FAMILY = "1,2";
				VALIDATE_PRODUCT = YES;
			};
			name = Release;
		};
		4A1B3FA61897B45C00E36064 /* Debug */ = {
			isa = XCBuildConfiguration;
			buildSettings = {
				ASSETCATALOG_COMPILER_APPICON_NAME = AppIcon;
				ASSETCATALOG_COMPILER_LAUNCHIMAGE_NAME = LaunchImage;
				CLANG_ENABLE_OBJC_ARC = NO;
				CODE_SIGN_IDENTITY = "";
				GCC_PRECOMPILE_PREFIX_HEADER = YES;
				GCC_PREFIX_HEADER = "iHanzi/iHanzi-Prefix.pch";
				INFOPLIST_FILE = "iHanzi/iHanzi-Info.plist";
				IPHONEOS_DEPLOYMENT_TARGET = 6.0;
				LIBRARY_SEARCH_PATHS = (
					"$(inherited)",
					/Users/huang.zhongwei/MyGithub/iHanzi/iHanzi/iHanzi/Social/WeChat,
				);
				PRODUCT_NAME = "$(TARGET_NAME)";
				PROVISIONING_PROFILE = "";
				WRAPPER_EXTENSION = app;
			};
			name = Debug;
		};
		4A1B3FA71897B45C00E36064 /* Release */ = {
			isa = XCBuildConfiguration;
			buildSettings = {
				ASSETCATALOG_COMPILER_APPICON_NAME = AppIcon;
				ASSETCATALOG_COMPILER_LAUNCHIMAGE_NAME = LaunchImage;
				CLANG_ENABLE_OBJC_ARC = NO;
				CODE_SIGN_IDENTITY = "";
				GCC_PRECOMPILE_PREFIX_HEADER = YES;
				GCC_PREFIX_HEADER = "iHanzi/iHanzi-Prefix.pch";
				INFOPLIST_FILE = "iHanzi/iHanzi-Info.plist";
				IPHONEOS_DEPLOYMENT_TARGET = 6.0;
				LIBRARY_SEARCH_PATHS = (
					"$(inherited)",
					/Users/huang.zhongwei/MyGithub/iHanzi/iHanzi/iHanzi/Social/WeChat,
				);
				PRODUCT_NAME = "$(TARGET_NAME)";
				PROVISIONING_PROFILE = "";
				WRAPPER_EXTENSION = app;
			};
			name = Release;
		};
		4A1B3FA91897B45C00E36064 /* Debug */ = {
			isa = XCBuildConfiguration;
			buildSettings = {
				ARCHS = "$(ARCHS_STANDARD_INCLUDING_64_BIT)";
				BUNDLE_LOADER = "$(BUILT_PRODUCTS_DIR)/iHanzi.app/iHanzi";
				FRAMEWORK_SEARCH_PATHS = (
					"$(SDKROOT)/Developer/Library/Frameworks",
					"$(inherited)",
					"$(DEVELOPER_FRAMEWORKS_DIR)",
				);
				GCC_PRECOMPILE_PREFIX_HEADER = YES;
				GCC_PREFIX_HEADER = "iHanzi/iHanzi-Prefix.pch";
				GCC_PREPROCESSOR_DEFINITIONS = (
					"DEBUG=1",
					"$(inherited)",
				);
				INFOPLIST_FILE = "iHanziTests/iHanziTests-Info.plist";
				PRODUCT_NAME = "$(TARGET_NAME)";
				TEST_HOST = "$(BUNDLE_LOADER)";
				WRAPPER_EXTENSION = xctest;
			};
			name = Debug;
		};
		4A1B3FAA1897B45C00E36064 /* Release */ = {
			isa = XCBuildConfiguration;
			buildSettings = {
				ARCHS = "$(ARCHS_STANDARD_INCLUDING_64_BIT)";
				BUNDLE_LOADER = "$(BUILT_PRODUCTS_DIR)/iHanzi.app/iHanzi";
				FRAMEWORK_SEARCH_PATHS = (
					"$(SDKROOT)/Developer/Library/Frameworks",
					"$(inherited)",
					"$(DEVELOPER_FRAMEWORKS_DIR)",
				);
				GCC_PRECOMPILE_PREFIX_HEADER = YES;
				GCC_PREFIX_HEADER = "iHanzi/iHanzi-Prefix.pch";
				INFOPLIST_FILE = "iHanziTests/iHanziTests-Info.plist";
				PRODUCT_NAME = "$(TARGET_NAME)";
				TEST_HOST = "$(BUNDLE_LOADER)";
				WRAPPER_EXTENSION = xctest;
			};
			name = Release;
		};
/* End XCBuildConfiguration section */

/* Begin XCConfigurationList section */
		4A1B3F741897B45B00E36064 /* Build configuration list for PBXProject "iHanzi" */ = {
			isa = XCConfigurationList;
			buildConfigurations = (
				4A1B3FA31897B45C00E36064 /* Debug */,
				4A1B3FA41897B45C00E36064 /* Release */,
			);
			defaultConfigurationIsVisible = 0;
			defaultConfigurationName = Release;
		};
		4A1B3FA51897B45C00E36064 /* Build configuration list for PBXNativeTarget "iHanzi" */ = {
			isa = XCConfigurationList;
			buildConfigurations = (
				4A1B3FA61897B45C00E36064 /* Debug */,
				4A1B3FA71897B45C00E36064 /* Release */,
			);
			defaultConfigurationIsVisible = 0;
			defaultConfigurationName = Release;
		};
		4A1B3FA81897B45C00E36064 /* Build configuration list for PBXNativeTarget "iHanziTests" */ = {
			isa = XCConfigurationList;
			buildConfigurations = (
				4A1B3FA91897B45C00E36064 /* Debug */,
				4A1B3FAA1897B45C00E36064 /* Release */,
			);
			defaultConfigurationIsVisible = 0;
			defaultConfigurationName = Release;
		};
/* End XCConfigurationList section */
	};
	rootObject = 4A1B3F711897B45B00E36064 /* Project object */;
}
